// !$*UTF8*$!
{
	archiveVersion = 1;
	classes = {
	};
	objectVersion = 50;
	objects = {

/* Begin PBXBuildFile section */
		152E327C23E0FCE200440A86 /* main.swift in Sources */ = {isa = PBXBuildFile; fileRef = 152E327B23E0FCE200440A86 /* main.swift */; };
		153931E923DFE774000A777A /* main.swift in Sources */ = {isa = PBXBuildFile; fileRef = 153931E823DFE774000A777A /* main.swift */; };
		1560100623E39E3000D7EA9B /* main.swift in Sources */ = {isa = PBXBuildFile; fileRef = 1560100523E39E3000D7EA9B /* main.swift */; };
		1567E6A623F2234D004E1297 /* main.swift in Sources */ = {isa = PBXBuildFile; fileRef = 1567E6A523F2234D004E1297 /* main.swift */; };
		15B8355723D94D3D00A4A648 /* main.swift in Sources */ = {isa = PBXBuildFile; fileRef = 15B8355623D94D3D00A4A648 /* main.swift */; };
		E71EFA7F23ECD1C900932570 /* main.swift in Sources */ = {isa = PBXBuildFile; fileRef = E71EFA7E23ECD1C900932570 /* main.swift */; };
		E71EFA8A23ECD4B800932570 /* main.swift in Sources */ = {isa = PBXBuildFile; fileRef = E71EFA8923ECD4B800932570 /* main.swift */; };
		E7347D9A23EB800C003D4990 /* main.swift in Sources */ = {isa = PBXBuildFile; fileRef = E7347D9923EB800C003D4990 /* main.swift */; };
		E77D5EF423D4A35B00CBE046 /* main.swift in Sources */ = {isa = PBXBuildFile; fileRef = E77D5EF323D4A35B00CBE046 /* main.swift */; };
		E77D5EFF23D4A6B300CBE046 /* main.swift in Sources */ = {isa = PBXBuildFile; fileRef = E77D5EFE23D4A6B300CBE046 /* main.swift */; };
		E77D5F0A23D4A70F00CBE046 /* main.swift in Sources */ = {isa = PBXBuildFile; fileRef = E77D5F0923D4A70F00CBE046 /* main.swift */; };
		E796DE8023D8998800EE1FF6 /* main.swift in Sources */ = {isa = PBXBuildFile; fileRef = E796DE7F23D8998800EE1FF6 /* main.swift */; };
		E79FE42E23D6651E00472078 /* main.swift in Sources */ = {isa = PBXBuildFile; fileRef = E79FE42D23D6651E00472078 /* main.swift */; };
		E7B0AC2D23E051B600401773 /* main.swift in Sources */ = {isa = PBXBuildFile; fileRef = E7B0AC2C23E051B600401773 /* main.swift */; };
		E7B0AC3823E053A300401773 /* main.swift in Sources */ = {isa = PBXBuildFile; fileRef = E7B0AC3723E053A300401773 /* main.swift */; };
		E7B0AC4323E0550900401773 /* main.swift in Sources */ = {isa = PBXBuildFile; fileRef = E7B0AC4223E0550900401773 /* main.swift */; };
		E7D7738623D90C05009037B6 /* main.swift in Sources */ = {isa = PBXBuildFile; fileRef = E7D7738523D90C05009037B6 /* main.swift */; };
		E7D7739C23D90F7E009037B6 /* main.swift in Sources */ = {isa = PBXBuildFile; fileRef = E7D7739B23D90F7E009037B6 /* main.swift */; };
		E7F8D3D123D5F68B00E9E548 /* main.swift in Sources */ = {isa = PBXBuildFile; fileRef = E7F8D3D023D5F68B00E9E548 /* main.swift */; };
/* End PBXBuildFile section */

/* Begin PBXCopyFilesBuildPhase section */
		152E327723E0FCE200440A86 /* CopyFiles */ = {
			isa = PBXCopyFilesBuildPhase;
			buildActionMask = 2147483647;
			dstPath = /usr/share/man/man1/;
			dstSubfolderSpec = 0;
			files = (
			);
			runOnlyForDeploymentPostprocessing = 1;
		};
		153931E423DFE774000A777A /* CopyFiles */ = {
			isa = PBXCopyFilesBuildPhase;
			buildActionMask = 2147483647;
			dstPath = /usr/share/man/man1/;
			dstSubfolderSpec = 0;
			files = (
			);
			runOnlyForDeploymentPostprocessing = 1;
		};
		1560100123E39E3000D7EA9B /* CopyFiles */ = {
			isa = PBXCopyFilesBuildPhase;
			buildActionMask = 2147483647;
			dstPath = /usr/share/man/man1/;
			dstSubfolderSpec = 0;
			files = (
			);
			runOnlyForDeploymentPostprocessing = 1;
		};
		1567E6A123F2234D004E1297 /* CopyFiles */ = {
			isa = PBXCopyFilesBuildPhase;
			buildActionMask = 2147483647;
			dstPath = /usr/share/man/man1/;
			dstSubfolderSpec = 0;
			files = (
			);
			runOnlyForDeploymentPostprocessing = 1;
		};
		15B8355223D94D3D00A4A648 /* CopyFiles */ = {
			isa = PBXCopyFilesBuildPhase;
			buildActionMask = 2147483647;
			dstPath = /usr/share/man/man1/;
			dstSubfolderSpec = 0;
			files = (
			);
			runOnlyForDeploymentPostprocessing = 1;
		};
		E71EFA7A23ECD1C900932570 /* CopyFiles */ = {
			isa = PBXCopyFilesBuildPhase;
			buildActionMask = 2147483647;
			dstPath = /usr/share/man/man1/;
			dstSubfolderSpec = 0;
			files = (
			);
			runOnlyForDeploymentPostprocessing = 1;
		};
		E71EFA8523ECD4B800932570 /* CopyFiles */ = {
			isa = PBXCopyFilesBuildPhase;
			buildActionMask = 2147483647;
			dstPath = /usr/share/man/man1/;
			dstSubfolderSpec = 0;
			files = (
			);
			runOnlyForDeploymentPostprocessing = 1;
		};
		E7347D9523EB800C003D4990 /* CopyFiles */ = {
			isa = PBXCopyFilesBuildPhase;
			buildActionMask = 2147483647;
			dstPath = /usr/share/man/man1/;
			dstSubfolderSpec = 0;
			files = (
			);
			runOnlyForDeploymentPostprocessing = 1;
		};
		E77D5EEF23D4A35B00CBE046 /* CopyFiles */ = {
			isa = PBXCopyFilesBuildPhase;
			buildActionMask = 2147483647;
			dstPath = /usr/share/man/man1/;
			dstSubfolderSpec = 0;
			files = (
			);
			runOnlyForDeploymentPostprocessing = 1;
		};
		E77D5EFA23D4A6B300CBE046 /* CopyFiles */ = {
			isa = PBXCopyFilesBuildPhase;
			buildActionMask = 2147483647;
			dstPath = /usr/share/man/man1/;
			dstSubfolderSpec = 0;
			files = (
			);
			runOnlyForDeploymentPostprocessing = 1;
		};
		E77D5F0523D4A70F00CBE046 /* CopyFiles */ = {
			isa = PBXCopyFilesBuildPhase;
			buildActionMask = 2147483647;
			dstPath = /usr/share/man/man1/;
			dstSubfolderSpec = 0;
			files = (
			);
			runOnlyForDeploymentPostprocessing = 1;
		};
		E796DE7B23D8998800EE1FF6 /* CopyFiles */ = {
			isa = PBXCopyFilesBuildPhase;
			buildActionMask = 2147483647;
			dstPath = /usr/share/man/man1/;
			dstSubfolderSpec = 0;
			files = (
			);
			runOnlyForDeploymentPostprocessing = 1;
		};
		E79FE42923D6651E00472078 /* CopyFiles */ = {
			isa = PBXCopyFilesBuildPhase;
			buildActionMask = 2147483647;
			dstPath = /usr/share/man/man1/;
			dstSubfolderSpec = 0;
			files = (
			);
			runOnlyForDeploymentPostprocessing = 1;
		};
		E7B0AC2823E051B600401773 /* CopyFiles */ = {
			isa = PBXCopyFilesBuildPhase;
			buildActionMask = 2147483647;
			dstPath = /usr/share/man/man1/;
			dstSubfolderSpec = 0;
			files = (
			);
			runOnlyForDeploymentPostprocessing = 1;
		};
		E7B0AC3323E053A300401773 /* CopyFiles */ = {
			isa = PBXCopyFilesBuildPhase;
			buildActionMask = 2147483647;
			dstPath = /usr/share/man/man1/;
			dstSubfolderSpec = 0;
			files = (
			);
			runOnlyForDeploymentPostprocessing = 1;
		};
		E7B0AC3E23E0550900401773 /* CopyFiles */ = {
			isa = PBXCopyFilesBuildPhase;
			buildActionMask = 2147483647;
			dstPath = /usr/share/man/man1/;
			dstSubfolderSpec = 0;
			files = (
			);
			runOnlyForDeploymentPostprocessing = 1;
		};
		E7D7738123D90C05009037B6 /* CopyFiles */ = {
			isa = PBXCopyFilesBuildPhase;
			buildActionMask = 2147483647;
			dstPath = /usr/share/man/man1/;
			dstSubfolderSpec = 0;
			files = (
			);
			runOnlyForDeploymentPostprocessing = 1;
		};
		E7D7739723D90F7E009037B6 /* CopyFiles */ = {
			isa = PBXCopyFilesBuildPhase;
			buildActionMask = 2147483647;
			dstPath = /usr/share/man/man1/;
			dstSubfolderSpec = 0;
			files = (
			);
			runOnlyForDeploymentPostprocessing = 1;
		};
		E7F8D3CC23D5F68B00E9E548 /* CopyFiles */ = {
			isa = PBXCopyFilesBuildPhase;
			buildActionMask = 2147483647;
			dstPath = /usr/share/man/man1/;
			dstSubfolderSpec = 0;
			files = (
			);
			runOnlyForDeploymentPostprocessing = 1;
		};
/* End PBXCopyFilesBuildPhase section */

/* Begin PBXFileReference section */
		152E327923E0FCE200440A86 /* prob2566 */ = {isa = PBXFileReference; explicitFileType = "compiled.mach-o.executable"; includeInIndex = 0; path = prob2566; sourceTree = BUILT_PRODUCTS_DIR; };
		152E327B23E0FCE200440A86 /* main.swift */ = {isa = PBXFileReference; lastKnownFileType = sourcecode.swift; path = main.swift; sourceTree = "<group>"; };
		153931E623DFE774000A777A /* prob2438 */ = {isa = PBXFileReference; explicitFileType = "compiled.mach-o.executable"; includeInIndex = 0; path = prob2438; sourceTree = BUILT_PRODUCTS_DIR; };
		153931E823DFE774000A777A /* main.swift */ = {isa = PBXFileReference; lastKnownFileType = sourcecode.swift; path = main.swift; sourceTree = "<group>"; };
		1560100323E39E3000D7EA9B /* prob3184 */ = {isa = PBXFileReference; explicitFileType = "compiled.mach-o.executable"; includeInIndex = 0; path = prob3184; sourceTree = BUILT_PRODUCTS_DIR; };
		1560100523E39E3000D7EA9B /* main.swift */ = {isa = PBXFileReference; lastKnownFileType = sourcecode.swift; path = main.swift; sourceTree = "<group>"; };
		1567E6A323F2234D004E1297 /* prob10828 */ = {isa = PBXFileReference; explicitFileType = "compiled.mach-o.executable"; includeInIndex = 0; path = prob10828; sourceTree = BUILT_PRODUCTS_DIR; };
		1567E6A523F2234D004E1297 /* main.swift */ = {isa = PBXFileReference; lastKnownFileType = sourcecode.swift; path = main.swift; sourceTree = "<group>"; };
		15B8355423D94D3D00A4A648 /* prob3059 */ = {isa = PBXFileReference; explicitFileType = "compiled.mach-o.executable"; includeInIndex = 0; path = prob3059; sourceTree = BUILT_PRODUCTS_DIR; };
		15B8355623D94D3D00A4A648 /* main.swift */ = {isa = PBXFileReference; lastKnownFileType = sourcecode.swift; path = main.swift; sourceTree = "<group>"; };
		E71EFA7C23ECD1C900932570 /* prob5656 */ = {isa = PBXFileReference; explicitFileType = "compiled.mach-o.executable"; includeInIndex = 0; path = prob5656; sourceTree = BUILT_PRODUCTS_DIR; };
		E71EFA7E23ECD1C900932570 /* main.swift */ = {isa = PBXFileReference; lastKnownFileType = sourcecode.swift; path = main.swift; sourceTree = "<group>"; };
		E71EFA8723ECD4B800932570 /* prob10845 */ = {isa = PBXFileReference; explicitFileType = "compiled.mach-o.executable"; includeInIndex = 0; path = prob10845; sourceTree = BUILT_PRODUCTS_DIR; };
		E71EFA8923ECD4B800932570 /* main.swift */ = {isa = PBXFileReference; lastKnownFileType = sourcecode.swift; path = main.swift; sourceTree = "<group>"; };
		E7347D9723EB800C003D4990 /* prob3449 */ = {isa = PBXFileReference; explicitFileType = "compiled.mach-o.executable"; includeInIndex = 0; path = prob3449; sourceTree = BUILT_PRODUCTS_DIR; };
		E7347D9923EB800C003D4990 /* main.swift */ = {isa = PBXFileReference; lastKnownFileType = sourcecode.swift; path = main.swift; sourceTree = "<group>"; };
		E77D5EF123D4A35B00CBE046 /* prob1000 */ = {isa = PBXFileReference; explicitFileType = "compiled.mach-o.executable"; includeInIndex = 0; path = prob1000; sourceTree = BUILT_PRODUCTS_DIR; };
		E77D5EF323D4A35B00CBE046 /* main.swift */ = {isa = PBXFileReference; lastKnownFileType = sourcecode.swift; path = main.swift; sourceTree = "<group>"; };
		E77D5EFC23D4A6B300CBE046 /* prob1001 */ = {isa = PBXFileReference; explicitFileType = "compiled.mach-o.executable"; includeInIndex = 0; path = prob1001; sourceTree = BUILT_PRODUCTS_DIR; };
		E77D5EFE23D4A6B300CBE046 /* main.swift */ = {isa = PBXFileReference; lastKnownFileType = sourcecode.swift; path = main.swift; sourceTree = "<group>"; };
		E77D5F0723D4A70F00CBE046 /* prob1076 */ = {isa = PBXFileReference; explicitFileType = "compiled.mach-o.executable"; includeInIndex = 0; path = prob1076; sourceTree = BUILT_PRODUCTS_DIR; };
		E77D5F0923D4A70F00CBE046 /* main.swift */ = {isa = PBXFileReference; lastKnownFileType = sourcecode.swift; path = main.swift; sourceTree = "<group>"; };
		E796DE7D23D8998800EE1FF6 /* prob2902 */ = {isa = PBXFileReference; explicitFileType = "compiled.mach-o.executable"; includeInIndex = 0; path = prob2902; sourceTree = BUILT_PRODUCTS_DIR; };
		E796DE7F23D8998800EE1FF6 /* main.swift */ = {isa = PBXFileReference; lastKnownFileType = sourcecode.swift; path = main.swift; sourceTree = "<group>"; };
		E79FE42B23D6651E00472078 /* prob1371 */ = {isa = PBXFileReference; explicitFileType = "compiled.mach-o.executable"; includeInIndex = 0; path = prob1371; sourceTree = BUILT_PRODUCTS_DIR; };
		E79FE42D23D6651E00472078 /* main.swift */ = {isa = PBXFileReference; lastKnownFileType = sourcecode.swift; path = main.swift; sourceTree = "<group>"; };
		E7B0AC2A23E051B600401773 /* prob2439 */ = {isa = PBXFileReference; explicitFileType = "compiled.mach-o.executable"; includeInIndex = 0; path = prob2439; sourceTree = BUILT_PRODUCTS_DIR; };
		E7B0AC2C23E051B600401773 /* main.swift */ = {isa = PBXFileReference; lastKnownFileType = sourcecode.swift; path = main.swift; sourceTree = "<group>"; };
		E7B0AC3523E053A300401773 /* prob2440 */ = {isa = PBXFileReference; explicitFileType = "compiled.mach-o.executable"; includeInIndex = 0; path = prob2440; sourceTree = BUILT_PRODUCTS_DIR; };
		E7B0AC3723E053A300401773 /* main.swift */ = {isa = PBXFileReference; lastKnownFileType = sourcecode.swift; path = main.swift; sourceTree = "<group>"; };
		E7B0AC4023E0550900401773 /* prob2455 */ = {isa = PBXFileReference; explicitFileType = "compiled.mach-o.executable"; includeInIndex = 0; path = prob2455; sourceTree = BUILT_PRODUCTS_DIR; };
		E7B0AC4223E0550900401773 /* main.swift */ = {isa = PBXFileReference; lastKnownFileType = sourcecode.swift; path = main.swift; sourceTree = "<group>"; };
		E7D7738323D90C05009037B6 /* prob2857 */ = {isa = PBXFileReference; explicitFileType = "compiled.mach-o.executable"; includeInIndex = 0; path = prob2857; sourceTree = BUILT_PRODUCTS_DIR; };
		E7D7738523D90C05009037B6 /* main.swift */ = {isa = PBXFileReference; lastKnownFileType = sourcecode.swift; path = main.swift; sourceTree = "<group>"; };
		E7D7739923D90F7E009037B6 /* prob3058 */ = {isa = PBXFileReference; explicitFileType = "compiled.mach-o.executable"; includeInIndex = 0; path = prob3058; sourceTree = BUILT_PRODUCTS_DIR; };
		E7D7739B23D90F7E009037B6 /* main.swift */ = {isa = PBXFileReference; lastKnownFileType = sourcecode.swift; path = main.swift; sourceTree = "<group>"; };
		E7F8D3CE23D5F68B00E9E548 /* prob1546 */ = {isa = PBXFileReference; explicitFileType = "compiled.mach-o.executable"; includeInIndex = 0; path = prob1546; sourceTree = BUILT_PRODUCTS_DIR; };
		E7F8D3D023D5F68B00E9E548 /* main.swift */ = {isa = PBXFileReference; lastKnownFileType = sourcecode.swift; path = main.swift; sourceTree = "<group>"; };
/* End PBXFileReference section */

/* Begin PBXFrameworksBuildPhase section */
		152E327623E0FCE200440A86 /* Frameworks */ = {
			isa = PBXFrameworksBuildPhase;
			buildActionMask = 2147483647;
			files = (
			);
			runOnlyForDeploymentPostprocessing = 0;
		};
		153931E323DFE774000A777A /* Frameworks */ = {
			isa = PBXFrameworksBuildPhase;
			buildActionMask = 2147483647;
			files = (
			);
			runOnlyForDeploymentPostprocessing = 0;
		};
		1560100023E39E3000D7EA9B /* Frameworks */ = {
			isa = PBXFrameworksBuildPhase;
			buildActionMask = 2147483647;
			files = (
			);
			runOnlyForDeploymentPostprocessing = 0;
		};
		1567E6A023F2234D004E1297 /* Frameworks */ = {
			isa = PBXFrameworksBuildPhase;
			buildActionMask = 2147483647;
			files = (
			);
			runOnlyForDeploymentPostprocessing = 0;
		};
		15B8355123D94D3D00A4A648 /* Frameworks */ = {
			isa = PBXFrameworksBuildPhase;
			buildActionMask = 2147483647;
			files = (
			);
			runOnlyForDeploymentPostprocessing = 0;
		};
		E71EFA7923ECD1C900932570 /* Frameworks */ = {
			isa = PBXFrameworksBuildPhase;
			buildActionMask = 2147483647;
			files = (
			);
			runOnlyForDeploymentPostprocessing = 0;
		};
		E71EFA8423ECD4B800932570 /* Frameworks */ = {
			isa = PBXFrameworksBuildPhase;
			buildActionMask = 2147483647;
			files = (
			);
			runOnlyForDeploymentPostprocessing = 0;
		};
		E7347D9423EB800C003D4990 /* Frameworks */ = {
			isa = PBXFrameworksBuildPhase;
			buildActionMask = 2147483647;
			files = (
			);
			runOnlyForDeploymentPostprocessing = 0;
		};
		E77D5EEE23D4A35B00CBE046 /* Frameworks */ = {
			isa = PBXFrameworksBuildPhase;
			buildActionMask = 2147483647;
			files = (
			);
			runOnlyForDeploymentPostprocessing = 0;
		};
		E77D5EF923D4A6B300CBE046 /* Frameworks */ = {
			isa = PBXFrameworksBuildPhase;
			buildActionMask = 2147483647;
			files = (
			);
			runOnlyForDeploymentPostprocessing = 0;
		};
		E77D5F0423D4A70F00CBE046 /* Frameworks */ = {
			isa = PBXFrameworksBuildPhase;
			buildActionMask = 2147483647;
			files = (
			);
			runOnlyForDeploymentPostprocessing = 0;
		};
		E796DE7A23D8998800EE1FF6 /* Frameworks */ = {
			isa = PBXFrameworksBuildPhase;
			buildActionMask = 2147483647;
			files = (
			);
			runOnlyForDeploymentPostprocessing = 0;
		};
		E79FE42823D6651E00472078 /* Frameworks */ = {
			isa = PBXFrameworksBuildPhase;
			buildActionMask = 2147483647;
			files = (
			);
			runOnlyForDeploymentPostprocessing = 0;
		};
		E7B0AC2723E051B600401773 /* Frameworks */ = {
			isa = PBXFrameworksBuildPhase;
			buildActionMask = 2147483647;
			files = (
			);
			runOnlyForDeploymentPostprocessing = 0;
		};
		E7B0AC3223E053A300401773 /* Frameworks */ = {
			isa = PBXFrameworksBuildPhase;
			buildActionMask = 2147483647;
			files = (
			);
			runOnlyForDeploymentPostprocessing = 0;
		};
		E7B0AC3D23E0550900401773 /* Frameworks */ = {
			isa = PBXFrameworksBuildPhase;
			buildActionMask = 2147483647;
			files = (
			);
			runOnlyForDeploymentPostprocessing = 0;
		};
		E7D7738023D90C05009037B6 /* Frameworks */ = {
			isa = PBXFrameworksBuildPhase;
			buildActionMask = 2147483647;
			files = (
			);
			runOnlyForDeploymentPostprocessing = 0;
		};
		E7D7739623D90F7E009037B6 /* Frameworks */ = {
			isa = PBXFrameworksBuildPhase;
			buildActionMask = 2147483647;
			files = (
			);
			runOnlyForDeploymentPostprocessing = 0;
		};
		E7F8D3CB23D5F68B00E9E548 /* Frameworks */ = {
			isa = PBXFrameworksBuildPhase;
			buildActionMask = 2147483647;
			files = (
			);
			runOnlyForDeploymentPostprocessing = 0;
		};
/* End PBXFrameworksBuildPhase section */

/* Begin PBXGroup section */
		152E327A23E0FCE200440A86 /* prob2566 */ = {
			isa = PBXGroup;
			children = (
				152E327B23E0FCE200440A86 /* main.swift */,
			);
			path = prob2566;
			sourceTree = "<group>";
		};
		153931E723DFE774000A777A /* prob2438 */ = {
			isa = PBXGroup;
			children = (
				153931E823DFE774000A777A /* main.swift */,
			);
			path = prob2438;
			sourceTree = "<group>";
		};
		1560100423E39E3000D7EA9B /* prob3184 */ = {
			isa = PBXGroup;
			children = (
				1560100523E39E3000D7EA9B /* main.swift */,
			);
			path = prob3184;
			sourceTree = "<group>";
		};
		1567E6A423F2234D004E1297 /* prob10828 */ = {
			isa = PBXGroup;
			children = (
				1567E6A523F2234D004E1297 /* main.swift */,
			);
			path = prob10828;
			sourceTree = "<group>";
		};
		15B8355523D94D3D00A4A648 /* prob3059 */ = {
			isa = PBXGroup;
			children = (
				15B8355623D94D3D00A4A648 /* main.swift */,
			);
			path = prob3059;
			sourceTree = "<group>";
		};
		E71EFA7D23ECD1C900932570 /* prob5656 */ = {
			isa = PBXGroup;
			children = (
				E71EFA7E23ECD1C900932570 /* main.swift */,
			);
			path = prob5656;
			sourceTree = "<group>";
		};
		E71EFA8823ECD4B800932570 /* prob10845 */ = {
			isa = PBXGroup;
			children = (
				E71EFA8923ECD4B800932570 /* main.swift */,
			);
			path = prob10845;
			sourceTree = "<group>";
		};
		E7347D9823EB800C003D4990 /* prob3449 */ = {
			isa = PBXGroup;
			children = (
				E7347D9923EB800C003D4990 /* main.swift */,
			);
			path = prob3449;
			sourceTree = "<group>";
		};
		E77D5EF223D4A35B00CBE046 /* prob1000 */ = {
			isa = PBXGroup;
			children = (
				E77D5EF323D4A35B00CBE046 /* main.swift */,
			);
			path = prob1000;
			sourceTree = "<group>";
		};
		E77D5EFD23D4A6B300CBE046 /* prob1001 */ = {
			isa = PBXGroup;
			children = (
				E77D5EFE23D4A6B300CBE046 /* main.swift */,
			);
			path = prob1001;
			sourceTree = "<group>";
		};
		E77D5F0823D4A70F00CBE046 /* prob1076 */ = {
			isa = PBXGroup;
			children = (
				E77D5F0923D4A70F00CBE046 /* main.swift */,
			);
			path = prob1076;
			sourceTree = "<group>";
		};
		E796DE7E23D8998800EE1FF6 /* prob2902 */ = {
			isa = PBXGroup;
			children = (
				E796DE7F23D8998800EE1FF6 /* main.swift */,
			);
			path = prob2902;
			sourceTree = "<group>";
		};
		E79FE42C23D6651E00472078 /* prob1371 */ = {
			isa = PBXGroup;
			children = (
				E79FE42D23D6651E00472078 /* main.swift */,
			);
			path = prob1371;
			sourceTree = "<group>";
		};
		E7B0AC2B23E051B600401773 /* prob2439 */ = {
			isa = PBXGroup;
			children = (
				E7B0AC2C23E051B600401773 /* main.swift */,
			);
			path = prob2439;
			sourceTree = "<group>";
		};
		E7B0AC3623E053A300401773 /* prob2440 */ = {
			isa = PBXGroup;
			children = (
				E7B0AC3723E053A300401773 /* main.swift */,
			);
			path = prob2440;
			sourceTree = "<group>";
		};
		E7B0AC4123E0550900401773 /* prob2455 */ = {
			isa = PBXGroup;
			children = (
				E7B0AC4223E0550900401773 /* main.swift */,
			);
			path = prob2455;
			sourceTree = "<group>";
		};
		E7D7738423D90C05009037B6 /* prob2857 */ = {
			isa = PBXGroup;
			children = (
				E7D7738523D90C05009037B6 /* main.swift */,
			);
			path = prob2857;
			sourceTree = "<group>";
		};
		E7D7739A23D90F7E009037B6 /* prob3058 */ = {
			isa = PBXGroup;
			children = (
				E7D7739B23D90F7E009037B6 /* main.swift */,
			);
			path = prob3058;
			sourceTree = "<group>";
		};
		E7F8D3CF23D5F68B00E9E548 /* prob1546 */ = {
			isa = PBXGroup;
			children = (
				E7F8D3D023D5F68B00E9E548 /* main.swift */,
			);
			path = prob1546;
			sourceTree = "<group>";
		};
		E7FE953F23D49E6800B929B4 = {
			isa = PBXGroup;
			children = (
				E77D5EF223D4A35B00CBE046 /* prob1000 */,
				E77D5EFD23D4A6B300CBE046 /* prob1001 */,
				E77D5F0823D4A70F00CBE046 /* prob1076 */,
				E7F8D3CF23D5F68B00E9E548 /* prob1546 */,
				E79FE42C23D6651E00472078 /* prob1371 */,
				E796DE7E23D8998800EE1FF6 /* prob2902 */,
				E7D7738423D90C05009037B6 /* prob2857 */,
				E7D7739A23D90F7E009037B6 /* prob3058 */,
				15B8355523D94D3D00A4A648 /* prob3059 */,
				153931E723DFE774000A777A /* prob2438 */,
				E7B0AC2B23E051B600401773 /* prob2439 */,
				E7B0AC3623E053A300401773 /* prob2440 */,
				E7B0AC4123E0550900401773 /* prob2455 */,
				152E327A23E0FCE200440A86 /* prob2566 */,
				1560100423E39E3000D7EA9B /* prob3184 */,
				E7347D9823EB800C003D4990 /* prob3449 */,
				E71EFA7D23ECD1C900932570 /* prob5656 */,
				E71EFA8823ECD4B800932570 /* prob10845 */,
				1567E6A423F2234D004E1297 /* prob10828 */,
				E7FE954923D49E6800B929B4 /* Products */,
			);
			sourceTree = "<group>";
		};
		E7FE954923D49E6800B929B4 /* Products */ = {
			isa = PBXGroup;
			children = (
				E77D5EF123D4A35B00CBE046 /* prob1000 */,
				E77D5EFC23D4A6B300CBE046 /* prob1001 */,
				E77D5F0723D4A70F00CBE046 /* prob1076 */,
				E7F8D3CE23D5F68B00E9E548 /* prob1546 */,
				E79FE42B23D6651E00472078 /* prob1371 */,
				E796DE7D23D8998800EE1FF6 /* prob2902 */,
				E7D7738323D90C05009037B6 /* prob2857 */,
				E7D7739923D90F7E009037B6 /* prob3058 */,
				15B8355423D94D3D00A4A648 /* prob3059 */,
				153931E623DFE774000A777A /* prob2438 */,
				E7B0AC2A23E051B600401773 /* prob2439 */,
				E7B0AC3523E053A300401773 /* prob2440 */,
				E7B0AC4023E0550900401773 /* prob2455 */,
				152E327923E0FCE200440A86 /* prob2566 */,
				1560100323E39E3000D7EA9B /* prob3184 */,
				E7347D9723EB800C003D4990 /* prob3449 */,
				E71EFA7C23ECD1C900932570 /* prob5656 */,
				E71EFA8723ECD4B800932570 /* prob10845 */,
				1567E6A323F2234D004E1297 /* prob10828 */,
			);
			name = Products;
			sourceTree = "<group>";
		};
/* End PBXGroup section */

/* Begin PBXNativeTarget section */
		152E327823E0FCE200440A86 /* prob2566 */ = {
			isa = PBXNativeTarget;
			buildConfigurationList = 152E327F23E0FCE200440A86 /* Build configuration list for PBXNativeTarget "prob2566" */;
			buildPhases = (
				152E327523E0FCE200440A86 /* Sources */,
				152E327623E0FCE200440A86 /* Frameworks */,
				152E327723E0FCE200440A86 /* CopyFiles */,
			);
			buildRules = (
			);
			dependencies = (
			);
			name = prob2566;
			productName = prob2566;
			productReference = 152E327923E0FCE200440A86 /* prob2566 */;
			productType = "com.apple.product-type.tool";
		};
		153931E523DFE774000A777A /* prob2438 */ = {
			isa = PBXNativeTarget;
			buildConfigurationList = 153931EC23DFE774000A777A /* Build configuration list for PBXNativeTarget "prob2438" */;
			buildPhases = (
				153931E223DFE774000A777A /* Sources */,
				153931E323DFE774000A777A /* Frameworks */,
				153931E423DFE774000A777A /* CopyFiles */,
			);
			buildRules = (
			);
			dependencies = (
			);
			name = prob2438;
			productName = prob2438;
			productReference = 153931E623DFE774000A777A /* prob2438 */;
			productType = "com.apple.product-type.tool";
		};
		1560100223E39E3000D7EA9B /* prob3184 */ = {
			isa = PBXNativeTarget;
			buildConfigurationList = 1560100923E39E3000D7EA9B /* Build configuration list for PBXNativeTarget "prob3184" */;
			buildPhases = (
				15600FFF23E39E3000D7EA9B /* Sources */,
				1560100023E39E3000D7EA9B /* Frameworks */,
				1560100123E39E3000D7EA9B /* CopyFiles */,
			);
			buildRules = (
			);
			dependencies = (
			);
			name = prob3184;
			productName = prob3184;
			productReference = 1560100323E39E3000D7EA9B /* prob3184 */;
			productType = "com.apple.product-type.tool";
		};
		1567E6A223F2234D004E1297 /* prob10828 */ = {
			isa = PBXNativeTarget;
			buildConfigurationList = 1567E6A723F2234D004E1297 /* Build configuration list for PBXNativeTarget "prob10828" */;
			buildPhases = (
				1567E69F23F2234D004E1297 /* Sources */,
				1567E6A023F2234D004E1297 /* Frameworks */,
				1567E6A123F2234D004E1297 /* CopyFiles */,
			);
			buildRules = (
			);
			dependencies = (
			);
			name = prob10828;
			productName = prob10828;
			productReference = 1567E6A323F2234D004E1297 /* prob10828 */;
			productType = "com.apple.product-type.tool";
		};
		15B8355323D94D3D00A4A648 /* prob3059 */ = {
			isa = PBXNativeTarget;
			buildConfigurationList = 15B8355823D94D3D00A4A648 /* Build configuration list for PBXNativeTarget "prob3059" */;
			buildPhases = (
				15B8355023D94D3D00A4A648 /* Sources */,
				15B8355123D94D3D00A4A648 /* Frameworks */,
				15B8355223D94D3D00A4A648 /* CopyFiles */,
			);
			buildRules = (
			);
			dependencies = (
			);
			name = prob3059;
			productName = prob3059;
			productReference = 15B8355423D94D3D00A4A648 /* prob3059 */;
			productType = "com.apple.product-type.tool";
		};
		E71EFA7B23ECD1C900932570 /* prob5656 */ = {
			isa = PBXNativeTarget;
			buildConfigurationList = E71EFA8223ECD1C900932570 /* Build configuration list for PBXNativeTarget "prob5656" */;
			buildPhases = (
				E71EFA7823ECD1C900932570 /* Sources */,
				E71EFA7923ECD1C900932570 /* Frameworks */,
				E71EFA7A23ECD1C900932570 /* CopyFiles */,
			);
			buildRules = (
			);
			dependencies = (
			);
			name = prob5656;
			productName = prob5656;
			productReference = E71EFA7C23ECD1C900932570 /* prob5656 */;
			productType = "com.apple.product-type.tool";
		};
		E71EFA8623ECD4B800932570 /* prob10845 */ = {
			isa = PBXNativeTarget;
			buildConfigurationList = E71EFA8B23ECD4B800932570 /* Build configuration list for PBXNativeTarget "prob10845" */;
			buildPhases = (
				E71EFA8323ECD4B800932570 /* Sources */,
				E71EFA8423ECD4B800932570 /* Frameworks */,
				E71EFA8523ECD4B800932570 /* CopyFiles */,
			);
			buildRules = (
			);
			dependencies = (
			);
			name = prob10845;
			productName = prob10845;
			productReference = E71EFA8723ECD4B800932570 /* prob10845 */;
			productType = "com.apple.product-type.tool";
		};
		E7347D9623EB800C003D4990 /* prob3449 */ = {
			isa = PBXNativeTarget;
			buildConfigurationList = E7347D9D23EB800C003D4990 /* Build configuration list for PBXNativeTarget "prob3449" */;
			buildPhases = (
				E7347D9323EB800C003D4990 /* Sources */,
				E7347D9423EB800C003D4990 /* Frameworks */,
				E7347D9523EB800C003D4990 /* CopyFiles */,
			);
			buildRules = (
			);
			dependencies = (
			);
			name = prob3449;
			productName = prob3449;
			productReference = E7347D9723EB800C003D4990 /* prob3449 */;
			productType = "com.apple.product-type.tool";
		};
		E77D5EF023D4A35B00CBE046 /* prob1000 */ = {
			isa = PBXNativeTarget;
			buildConfigurationList = E77D5EF723D4A35B00CBE046 /* Build configuration list for PBXNativeTarget "prob1000" */;
			buildPhases = (
				E77D5EED23D4A35B00CBE046 /* Sources */,
				E77D5EEE23D4A35B00CBE046 /* Frameworks */,
				E77D5EEF23D4A35B00CBE046 /* CopyFiles */,
			);
			buildRules = (
			);
			dependencies = (
			);
			name = prob1000;
			productName = prob1000;
			productReference = E77D5EF123D4A35B00CBE046 /* prob1000 */;
			productType = "com.apple.product-type.tool";
		};
		E77D5EFB23D4A6B300CBE046 /* prob1001 */ = {
			isa = PBXNativeTarget;
			buildConfigurationList = E77D5F0023D4A6B300CBE046 /* Build configuration list for PBXNativeTarget "prob1001" */;
			buildPhases = (
				E77D5EF823D4A6B300CBE046 /* Sources */,
				E77D5EF923D4A6B300CBE046 /* Frameworks */,
				E77D5EFA23D4A6B300CBE046 /* CopyFiles */,
			);
			buildRules = (
			);
			dependencies = (
			);
			name = prob1001;
			productName = prob1001;
			productReference = E77D5EFC23D4A6B300CBE046 /* prob1001 */;
			productType = "com.apple.product-type.tool";
		};
		E77D5F0623D4A70F00CBE046 /* prob1076 */ = {
			isa = PBXNativeTarget;
			buildConfigurationList = E77D5F0B23D4A70F00CBE046 /* Build configuration list for PBXNativeTarget "prob1076" */;
			buildPhases = (
				E77D5F0323D4A70F00CBE046 /* Sources */,
				E77D5F0423D4A70F00CBE046 /* Frameworks */,
				E77D5F0523D4A70F00CBE046 /* CopyFiles */,
			);
			buildRules = (
			);
			dependencies = (
			);
			name = prob1076;
			productName = prob1076;
			productReference = E77D5F0723D4A70F00CBE046 /* prob1076 */;
			productType = "com.apple.product-type.tool";
		};
		E796DE7C23D8998800EE1FF6 /* prob2902 */ = {
			isa = PBXNativeTarget;
			buildConfigurationList = E796DE8323D8998800EE1FF6 /* Build configuration list for PBXNativeTarget "prob2902" */;
			buildPhases = (
				E796DE7923D8998800EE1FF6 /* Sources */,
				E796DE7A23D8998800EE1FF6 /* Frameworks */,
				E796DE7B23D8998800EE1FF6 /* CopyFiles */,
			);
			buildRules = (
			);
			dependencies = (
			);
			name = prob2902;
			productName = prob2902;
			productReference = E796DE7D23D8998800EE1FF6 /* prob2902 */;
			productType = "com.apple.product-type.tool";
		};
		E79FE42A23D6651E00472078 /* prob1371 */ = {
			isa = PBXNativeTarget;
			buildConfigurationList = E79FE43123D6651E00472078 /* Build configuration list for PBXNativeTarget "prob1371" */;
			buildPhases = (
				E79FE42723D6651E00472078 /* Sources */,
				E79FE42823D6651E00472078 /* Frameworks */,
				E79FE42923D6651E00472078 /* CopyFiles */,
			);
			buildRules = (
			);
			dependencies = (
			);
			name = prob1371;
			productName = prob1371;
			productReference = E79FE42B23D6651E00472078 /* prob1371 */;
			productType = "com.apple.product-type.tool";
		};
		E7B0AC2923E051B600401773 /* prob2439 */ = {
			isa = PBXNativeTarget;
			buildConfigurationList = E7B0AC3023E051B600401773 /* Build configuration list for PBXNativeTarget "prob2439" */;
			buildPhases = (
				E7B0AC2623E051B600401773 /* Sources */,
				E7B0AC2723E051B600401773 /* Frameworks */,
				E7B0AC2823E051B600401773 /* CopyFiles */,
			);
			buildRules = (
			);
			dependencies = (
			);
			name = prob2439;
			productName = prob2439;
			productReference = E7B0AC2A23E051B600401773 /* prob2439 */;
			productType = "com.apple.product-type.tool";
		};
		E7B0AC3423E053A300401773 /* prob2440 */ = {
			isa = PBXNativeTarget;
			buildConfigurationList = E7B0AC3923E053A300401773 /* Build configuration list for PBXNativeTarget "prob2440" */;
			buildPhases = (
				E7B0AC3123E053A300401773 /* Sources */,
				E7B0AC3223E053A300401773 /* Frameworks */,
				E7B0AC3323E053A300401773 /* CopyFiles */,
			);
			buildRules = (
			);
			dependencies = (
			);
			name = prob2440;
			productName = prob2440;
			productReference = E7B0AC3523E053A300401773 /* prob2440 */;
			productType = "com.apple.product-type.tool";
		};
		E7B0AC3F23E0550900401773 /* prob2455 */ = {
			isa = PBXNativeTarget;
			buildConfigurationList = E7B0AC4423E0550900401773 /* Build configuration list for PBXNativeTarget "prob2455" */;
			buildPhases = (
				E7B0AC3C23E0550900401773 /* Sources */,
				E7B0AC3D23E0550900401773 /* Frameworks */,
				E7B0AC3E23E0550900401773 /* CopyFiles */,
			);
			buildRules = (
			);
			dependencies = (
			);
			name = prob2455;
			productName = prob2455;
			productReference = E7B0AC4023E0550900401773 /* prob2455 */;
			productType = "com.apple.product-type.tool";
		};
		E7D7738223D90C05009037B6 /* prob2857 */ = {
			isa = PBXNativeTarget;
			buildConfigurationList = E7D7738923D90C05009037B6 /* Build configuration list for PBXNativeTarget "prob2857" */;
			buildPhases = (
				E7D7737F23D90C05009037B6 /* Sources */,
				E7D7738023D90C05009037B6 /* Frameworks */,
				E7D7738123D90C05009037B6 /* CopyFiles */,
			);
			buildRules = (
			);
			dependencies = (
			);
			name = prob2857;
			productName = prob2857;
			productReference = E7D7738323D90C05009037B6 /* prob2857 */;
			productType = "com.apple.product-type.tool";
		};
		E7D7739823D90F7E009037B6 /* prob3058 */ = {
			isa = PBXNativeTarget;
			buildConfigurationList = E7D7739D23D90F7E009037B6 /* Build configuration list for PBXNativeTarget "prob3058" */;
			buildPhases = (
				E7D7739523D90F7E009037B6 /* Sources */,
				E7D7739623D90F7E009037B6 /* Frameworks */,
				E7D7739723D90F7E009037B6 /* CopyFiles */,
			);
			buildRules = (
			);
			dependencies = (
			);
			name = prob3058;
			productName = prob3058;
			productReference = E7D7739923D90F7E009037B6 /* prob3058 */;
			productType = "com.apple.product-type.tool";
		};
		E7F8D3CD23D5F68B00E9E548 /* prob1546 */ = {
			isa = PBXNativeTarget;
			buildConfigurationList = E7F8D3D223D5F68B00E9E548 /* Build configuration list for PBXNativeTarget "prob1546" */;
			buildPhases = (
				E7F8D3CA23D5F68B00E9E548 /* Sources */,
				E7F8D3CB23D5F68B00E9E548 /* Frameworks */,
				E7F8D3CC23D5F68B00E9E548 /* CopyFiles */,
			);
			buildRules = (
			);
			dependencies = (
			);
			name = prob1546;
			productName = prob1546;
			productReference = E7F8D3CE23D5F68B00E9E548 /* prob1546 */;
			productType = "com.apple.product-type.tool";
		};
/* End PBXNativeTarget section */

/* Begin PBXProject section */
		E7FE954023D49E6800B929B4 /* Project object */ = {
			isa = PBXProject;
			attributes = {
				LastSwiftUpdateCheck = 1130;
				LastUpgradeCheck = 1130;
				ORGANIZATIONNAME = "justin dongwook Jung";
				TargetAttributes = {
					152E327823E0FCE200440A86 = {
						CreatedOnToolsVersion = 11.3.1;
					};
					153931E523DFE774000A777A = {
						CreatedOnToolsVersion = 11.3.1;
					};
					1560100223E39E3000D7EA9B = {
						CreatedOnToolsVersion = 11.3.1;
					};
					1567E6A223F2234D004E1297 = {
						CreatedOnToolsVersion = 11.3.1;
					};
					15B8355323D94D3D00A4A648 = {
						CreatedOnToolsVersion = 11.3.1;
					};
					E71EFA7B23ECD1C900932570 = {
						CreatedOnToolsVersion = 11.3.1;
					};
					E71EFA8623ECD4B800932570 = {
						CreatedOnToolsVersion = 11.3.1;
					};
					E7347D9623EB800C003D4990 = {
						CreatedOnToolsVersion = 11.3.1;
					};
					E77D5EF023D4A35B00CBE046 = {
						CreatedOnToolsVersion = 11.3.1;
					};
					E77D5EFB23D4A6B300CBE046 = {
						CreatedOnToolsVersion = 11.3.1;
					};
					E77D5F0623D4A70F00CBE046 = {
						CreatedOnToolsVersion = 11.3.1;
					};
					E796DE7C23D8998800EE1FF6 = {
						CreatedOnToolsVersion = 11.3.1;
					};
					E79FE42A23D6651E00472078 = {
						CreatedOnToolsVersion = 11.3.1;
					};
					E7B0AC2923E051B600401773 = {
						CreatedOnToolsVersion = 11.3.1;
					};
					E7B0AC3423E053A300401773 = {
						CreatedOnToolsVersion = 11.3.1;
					};
					E7B0AC3F23E0550900401773 = {
						CreatedOnToolsVersion = 11.3.1;
					};
					E7D7738223D90C05009037B6 = {
						CreatedOnToolsVersion = 11.3.1;
					};
					E7D7739823D90F7E009037B6 = {
						CreatedOnToolsVersion = 11.3.1;
					};
					E7F8D3CD23D5F68B00E9E548 = {
						CreatedOnToolsVersion = 11.3.1;
					};
				};
			};
			buildConfigurationList = E7FE954323D49E6800B929B4 /* Build configuration list for PBXProject "AcmicpcSwiftPractice" */;
			compatibilityVersion = "Xcode 9.3";
			developmentRegion = en;
			hasScannedForEncodings = 0;
			knownRegions = (
				en,
				Base,
			);
			mainGroup = E7FE953F23D49E6800B929B4;
			productRefGroup = E7FE954923D49E6800B929B4 /* Products */;
			projectDirPath = "";
			projectRoot = "";
			targets = (
				E77D5EF023D4A35B00CBE046 /* prob1000 */,
				E77D5EFB23D4A6B300CBE046 /* prob1001 */,
				E77D5F0623D4A70F00CBE046 /* prob1076 */,
				E7F8D3CD23D5F68B00E9E548 /* prob1546 */,
				E79FE42A23D6651E00472078 /* prob1371 */,
				E796DE7C23D8998800EE1FF6 /* prob2902 */,
				E7D7738223D90C05009037B6 /* prob2857 */,
				E7D7739823D90F7E009037B6 /* prob3058 */,
				15B8355323D94D3D00A4A648 /* prob3059 */,
				153931E523DFE774000A777A /* prob2438 */,
				E7B0AC2923E051B600401773 /* prob2439 */,
				E7B0AC3423E053A300401773 /* prob2440 */,
				E7B0AC3F23E0550900401773 /* prob2455 */,
				152E327823E0FCE200440A86 /* prob2566 */,
				1560100223E39E3000D7EA9B /* prob3184 */,
				E7347D9623EB800C003D4990 /* prob3449 */,
				E71EFA7B23ECD1C900932570 /* prob5656 */,
				E71EFA8623ECD4B800932570 /* prob10845 */,
				1567E6A223F2234D004E1297 /* prob10828 */,
			);
		};
/* End PBXProject section */

/* Begin PBXSourcesBuildPhase section */
		152E327523E0FCE200440A86 /* Sources */ = {
			isa = PBXSourcesBuildPhase;
			buildActionMask = 2147483647;
			files = (
				152E327C23E0FCE200440A86 /* main.swift in Sources */,
			);
			runOnlyForDeploymentPostprocessing = 0;
		};
		153931E223DFE774000A777A /* Sources */ = {
			isa = PBXSourcesBuildPhase;
			buildActionMask = 2147483647;
			files = (
				153931E923DFE774000A777A /* main.swift in Sources */,
			);
			runOnlyForDeploymentPostprocessing = 0;
		};
		15600FFF23E39E3000D7EA9B /* Sources */ = {
			isa = PBXSourcesBuildPhase;
			buildActionMask = 2147483647;
			files = (
				1560100623E39E3000D7EA9B /* main.swift in Sources */,
			);
			runOnlyForDeploymentPostprocessing = 0;
		};
		1567E69F23F2234D004E1297 /* Sources */ = {
			isa = PBXSourcesBuildPhase;
			buildActionMask = 2147483647;
			files = (
				1567E6A623F2234D004E1297 /* main.swift in Sources */,
			);
			runOnlyForDeploymentPostprocessing = 0;
		};
		15B8355023D94D3D00A4A648 /* Sources */ = {
			isa = PBXSourcesBuildPhase;
			buildActionMask = 2147483647;
			files = (
				15B8355723D94D3D00A4A648 /* main.swift in Sources */,
			);
			runOnlyForDeploymentPostprocessing = 0;
		};
		E71EFA7823ECD1C900932570 /* Sources */ = {
			isa = PBXSourcesBuildPhase;
			buildActionMask = 2147483647;
			files = (
				E71EFA7F23ECD1C900932570 /* main.swift in Sources */,
			);
			runOnlyForDeploymentPostprocessing = 0;
		};
		E71EFA8323ECD4B800932570 /* Sources */ = {
			isa = PBXSourcesBuildPhase;
			buildActionMask = 2147483647;
			files = (
				E71EFA8A23ECD4B800932570 /* main.swift in Sources */,
			);
			runOnlyForDeploymentPostprocessing = 0;
		};
		E7347D9323EB800C003D4990 /* Sources */ = {
			isa = PBXSourcesBuildPhase;
			buildActionMask = 2147483647;
			files = (
				E7347D9A23EB800C003D4990 /* main.swift in Sources */,
			);
			runOnlyForDeploymentPostprocessing = 0;
		};
		E77D5EED23D4A35B00CBE046 /* Sources */ = {
			isa = PBXSourcesBuildPhase;
			buildActionMask = 2147483647;
			files = (
				E77D5EF423D4A35B00CBE046 /* main.swift in Sources */,
			);
			runOnlyForDeploymentPostprocessing = 0;
		};
		E77D5EF823D4A6B300CBE046 /* Sources */ = {
			isa = PBXSourcesBuildPhase;
			buildActionMask = 2147483647;
			files = (
				E77D5EFF23D4A6B300CBE046 /* main.swift in Sources */,
			);
			runOnlyForDeploymentPostprocessing = 0;
		};
		E77D5F0323D4A70F00CBE046 /* Sources */ = {
			isa = PBXSourcesBuildPhase;
			buildActionMask = 2147483647;
			files = (
				E77D5F0A23D4A70F00CBE046 /* main.swift in Sources */,
			);
			runOnlyForDeploymentPostprocessing = 0;
		};
		E796DE7923D8998800EE1FF6 /* Sources */ = {
			isa = PBXSourcesBuildPhase;
			buildActionMask = 2147483647;
			files = (
				E796DE8023D8998800EE1FF6 /* main.swift in Sources */,
			);
			runOnlyForDeploymentPostprocessing = 0;
		};
		E79FE42723D6651E00472078 /* Sources */ = {
			isa = PBXSourcesBuildPhase;
			buildActionMask = 2147483647;
			files = (
				E79FE42E23D6651E00472078 /* main.swift in Sources */,
			);
			runOnlyForDeploymentPostprocessing = 0;
		};
		E7B0AC2623E051B600401773 /* Sources */ = {
			isa = PBXSourcesBuildPhase;
			buildActionMask = 2147483647;
			files = (
				E7B0AC2D23E051B600401773 /* main.swift in Sources */,
			);
			runOnlyForDeploymentPostprocessing = 0;
		};
		E7B0AC3123E053A300401773 /* Sources */ = {
			isa = PBXSourcesBuildPhase;
			buildActionMask = 2147483647;
			files = (
				E7B0AC3823E053A300401773 /* main.swift in Sources */,
			);
			runOnlyForDeploymentPostprocessing = 0;
		};
		E7B0AC3C23E0550900401773 /* Sources */ = {
			isa = PBXSourcesBuildPhase;
			buildActionMask = 2147483647;
			files = (
				E7B0AC4323E0550900401773 /* main.swift in Sources */,
			);
			runOnlyForDeploymentPostprocessing = 0;
		};
		E7D7737F23D90C05009037B6 /* Sources */ = {
			isa = PBXSourcesBuildPhase;
			buildActionMask = 2147483647;
			files = (
				E7D7738623D90C05009037B6 /* main.swift in Sources */,
			);
			runOnlyForDeploymentPostprocessing = 0;
		};
		E7D7739523D90F7E009037B6 /* Sources */ = {
			isa = PBXSourcesBuildPhase;
			buildActionMask = 2147483647;
			files = (
				E7D7739C23D90F7E009037B6 /* main.swift in Sources */,
			);
			runOnlyForDeploymentPostprocessing = 0;
		};
		E7F8D3CA23D5F68B00E9E548 /* Sources */ = {
			isa = PBXSourcesBuildPhase;
			buildActionMask = 2147483647;
			files = (
				E7F8D3D123D5F68B00E9E548 /* main.swift in Sources */,
			);
			runOnlyForDeploymentPostprocessing = 0;
		};
/* End PBXSourcesBuildPhase section */

/* Begin XCBuildConfiguration section */
		152E327D23E0FCE200440A86 /* Debug */ = {
			isa = XCBuildConfiguration;
			buildSettings = {
				CODE_SIGN_STYLE = Automatic;
				DEVELOPMENT_TEAM = 4TTJDQ6P4J;
				ENABLE_HARDENED_RUNTIME = YES;
				PRODUCT_NAME = "$(TARGET_NAME)";
				SWIFT_VERSION = 5.0;
			};
			name = Debug;
		};
		152E327E23E0FCE200440A86 /* Release */ = {
			isa = XCBuildConfiguration;
			buildSettings = {
				CODE_SIGN_STYLE = Automatic;
				DEVELOPMENT_TEAM = 4TTJDQ6P4J;
				ENABLE_HARDENED_RUNTIME = YES;
				PRODUCT_NAME = "$(TARGET_NAME)";
				SWIFT_VERSION = 5.0;
			};
			name = Release;
		};
		153931EA23DFE774000A777A /* Debug */ = {
			isa = XCBuildConfiguration;
			buildSettings = {
				CODE_SIGN_STYLE = Automatic;
				DEVELOPMENT_TEAM = 4TTJDQ6P4J;
				ENABLE_HARDENED_RUNTIME = YES;
				PRODUCT_NAME = "$(TARGET_NAME)";
				SWIFT_VERSION = 5.0;
			};
			name = Debug;
		};
		153931EB23DFE774000A777A /* Release */ = {
			isa = XCBuildConfiguration;
			buildSettings = {
				CODE_SIGN_STYLE = Automatic;
				DEVELOPMENT_TEAM = 4TTJDQ6P4J;
				ENABLE_HARDENED_RUNTIME = YES;
				PRODUCT_NAME = "$(TARGET_NAME)";
				SWIFT_VERSION = 5.0;
			};
			name = Release;
		};
		1560100723E39E3000D7EA9B /* Debug */ = {
			isa = XCBuildConfiguration;
			buildSettings = {
				CODE_SIGN_STYLE = Automatic;
				DEVELOPMENT_TEAM = 4TTJDQ6P4J;
				ENABLE_HARDENED_RUNTIME = YES;
				PRODUCT_NAME = "$(TARGET_NAME)";
				SWIFT_VERSION = 5.0;
			};
			name = Debug;
		};
		1560100823E39E3000D7EA9B /* Release */ = {
			isa = XCBuildConfiguration;
			buildSettings = {
				CODE_SIGN_STYLE = Automatic;
				DEVELOPMENT_TEAM = 4TTJDQ6P4J;
				ENABLE_HARDENED_RUNTIME = YES;
				PRODUCT_NAME = "$(TARGET_NAME)";
				SWIFT_VERSION = 5.0;
			};
			name = Release;
		};
		1567E6A823F2234D004E1297 /* Debug */ = {
			isa = XCBuildConfiguration;
			buildSettings = {
				CODE_SIGN_STYLE = Automatic;
				DEVELOPMENT_TEAM = 4TTJDQ6P4J;
				ENABLE_HARDENED_RUNTIME = YES;
				PRODUCT_NAME = "$(TARGET_NAME)";
				SWIFT_VERSION = 5.0;
			};
			name = Debug;
		};
		1567E6A923F2234D004E1297 /* Release */ = {
			isa = XCBuildConfiguration;
			buildSettings = {
				CODE_SIGN_STYLE = Automatic;
				DEVELOPMENT_TEAM = 4TTJDQ6P4J;
				ENABLE_HARDENED_RUNTIME = YES;
				PRODUCT_NAME = "$(TARGET_NAME)";
				SWIFT_VERSION = 5.0;
			};
			name = Release;
		};
		15B8355923D94D3D00A4A648 /* Debug */ = {
			isa = XCBuildConfiguration;
			buildSettings = {
				CODE_SIGN_STYLE = Automatic;
				DEVELOPMENT_TEAM = 4TTJDQ6P4J;
				ENABLE_HARDENED_RUNTIME = YES;
				PRODUCT_NAME = "$(TARGET_NAME)";
				SWIFT_VERSION = 5.0;
			};
			name = Debug;
		};
		15B8355A23D94D3D00A4A648 /* Release */ = {
			isa = XCBuildConfiguration;
			buildSettings = {
				CODE_SIGN_STYLE = Automatic;
				DEVELOPMENT_TEAM = 4TTJDQ6P4J;
				ENABLE_HARDENED_RUNTIME = YES;
				PRODUCT_NAME = "$(TARGET_NAME)";
				SWIFT_VERSION = 5.0;
			};
			name = Release;
		};
		E71EFA8023ECD1C900932570 /* Debug */ = {
			isa = XCBuildConfiguration;
			buildSettings = {
				CODE_SIGN_STYLE = Automatic;
				DEVELOPMENT_TEAM = 4TTJDQ6P4J;
				ENABLE_HARDENED_RUNTIME = YES;
				PRODUCT_NAME = "$(TARGET_NAME)";
				SWIFT_VERSION = 5.0;
			};
			name = Debug;
		};
		E71EFA8123ECD1C900932570 /* Release */ = {
			isa = XCBuildConfiguration;
			buildSettings = {
				CODE_SIGN_STYLE = Automatic;
				DEVELOPMENT_TEAM = 4TTJDQ6P4J;
				ENABLE_HARDENED_RUNTIME = YES;
				PRODUCT_NAME = "$(TARGET_NAME)";
				SWIFT_VERSION = 5.0;
			};
			name = Release;
		};
		E71EFA8C23ECD4B800932570 /* Debug */ = {
			isa = XCBuildConfiguration;
			buildSettings = {
				CODE_SIGN_STYLE = Automatic;
				DEVELOPMENT_TEAM = 4TTJDQ6P4J;
				ENABLE_HARDENED_RUNTIME = YES;
				PRODUCT_NAME = "$(TARGET_NAME)";
				SWIFT_VERSION = 5.0;
			};
			name = Debug;
		};
		E71EFA8D23ECD4B800932570 /* Release */ = {
			isa = XCBuildConfiguration;
			buildSettings = {
				CODE_SIGN_STYLE = Automatic;
				DEVELOPMENT_TEAM = 4TTJDQ6P4J;
				ENABLE_HARDENED_RUNTIME = YES;
				PRODUCT_NAME = "$(TARGET_NAME)";
				SWIFT_VERSION = 5.0;
			};
			name = Release;
		};
		E7347D9B23EB800C003D4990 /* Debug */ = {
			isa = XCBuildConfiguration;
			buildSettings = {
				CODE_SIGN_STYLE = Automatic;
				DEVELOPMENT_TEAM = 4TTJDQ6P4J;
				ENABLE_HARDENED_RUNTIME = YES;
				PRODUCT_NAME = "$(TARGET_NAME)";
				SWIFT_VERSION = 5.0;
			};
			name = Debug;
		};
		E7347D9C23EB800C003D4990 /* Release */ = {
			isa = XCBuildConfiguration;
			buildSettings = {
				CODE_SIGN_STYLE = Automatic;
				DEVELOPMENT_TEAM = 4TTJDQ6P4J;
				ENABLE_HARDENED_RUNTIME = YES;
				PRODUCT_NAME = "$(TARGET_NAME)";
				SWIFT_VERSION = 5.0;
			};
			name = Release;
		};
		E77D5EF523D4A35B00CBE046 /* Debug */ = {
			isa = XCBuildConfiguration;
			buildSettings = {
				CODE_SIGN_STYLE = Automatic;
				DEVELOPMENT_TEAM = 4TTJDQ6P4J;
				ENABLE_HARDENED_RUNTIME = YES;
				PRODUCT_NAME = "$(TARGET_NAME)";
				SWIFT_VERSION = 5.0;
			};
			name = Debug;
		};
		E77D5EF623D4A35B00CBE046 /* Release */ = {
			isa = XCBuildConfiguration;
			buildSettings = {
				CODE_SIGN_STYLE = Automatic;
				DEVELOPMENT_TEAM = 4TTJDQ6P4J;
				ENABLE_HARDENED_RUNTIME = YES;
				PRODUCT_NAME = "$(TARGET_NAME)";
				SWIFT_VERSION = 5.0;
			};
			name = Release;
		};
		E77D5F0123D4A6B300CBE046 /* Debug */ = {
			isa = XCBuildConfiguration;
			buildSettings = {
				CODE_SIGN_STYLE = Automatic;
				DEVELOPMENT_TEAM = 4TTJDQ6P4J;
				ENABLE_HARDENED_RUNTIME = YES;
				PRODUCT_NAME = "$(TARGET_NAME)";
				SWIFT_VERSION = 5.0;
			};
			name = Debug;
		};
		E77D5F0223D4A6B300CBE046 /* Release */ = {
			isa = XCBuildConfiguration;
			buildSettings = {
				CODE_SIGN_STYLE = Automatic;
				DEVELOPMENT_TEAM = 4TTJDQ6P4J;
				ENABLE_HARDENED_RUNTIME = YES;
				PRODUCT_NAME = "$(TARGET_NAME)";
				SWIFT_VERSION = 5.0;
			};
			name = Release;
		};
		E77D5F0C23D4A70F00CBE046 /* Debug */ = {
			isa = XCBuildConfiguration;
			buildSettings = {
				CODE_SIGN_STYLE = Automatic;
				DEVELOPMENT_TEAM = 4TTJDQ6P4J;
				ENABLE_HARDENED_RUNTIME = YES;
				PRODUCT_NAME = "$(TARGET_NAME)";
				SWIFT_VERSION = 5.0;
			};
			name = Debug;
		};
		E77D5F0D23D4A70F00CBE046 /* Release */ = {
			isa = XCBuildConfiguration;
			buildSettings = {
				CODE_SIGN_STYLE = Automatic;
				DEVELOPMENT_TEAM = 4TTJDQ6P4J;
				ENABLE_HARDENED_RUNTIME = YES;
				PRODUCT_NAME = "$(TARGET_NAME)";
				SWIFT_VERSION = 5.0;
			};
			name = Release;
		};
		E796DE8123D8998800EE1FF6 /* Debug */ = {
			isa = XCBuildConfiguration;
			buildSettings = {
				CODE_SIGN_STYLE = Automatic;
				DEVELOPMENT_TEAM = 4TTJDQ6P4J;
				ENABLE_HARDENED_RUNTIME = YES;
				PRODUCT_NAME = "$(TARGET_NAME)";
				SWIFT_VERSION = 5.0;
			};
			name = Debug;
		};
		E796DE8223D8998800EE1FF6 /* Release */ = {
			isa = XCBuildConfiguration;
			buildSettings = {
				CODE_SIGN_STYLE = Automatic;
				DEVELOPMENT_TEAM = 4TTJDQ6P4J;
				ENABLE_HARDENED_RUNTIME = YES;
				PRODUCT_NAME = "$(TARGET_NAME)";
				SWIFT_VERSION = 5.0;
			};
			name = Release;
		};
		E79FE42F23D6651E00472078 /* Debug */ = {
			isa = XCBuildConfiguration;
			buildSettings = {
				CODE_SIGN_STYLE = Automatic;
				DEVELOPMENT_TEAM = 4TTJDQ6P4J;
				ENABLE_HARDENED_RUNTIME = YES;
				PRODUCT_NAME = "$(TARGET_NAME)";
				SWIFT_VERSION = 5.0;
			};
			name = Debug;
		};
		E79FE43023D6651E00472078 /* Release */ = {
			isa = XCBuildConfiguration;
			buildSettings = {
				CODE_SIGN_STYLE = Automatic;
				DEVELOPMENT_TEAM = 4TTJDQ6P4J;
				ENABLE_HARDENED_RUNTIME = YES;
				PRODUCT_NAME = "$(TARGET_NAME)";
				SWIFT_VERSION = 5.0;
			};
			name = Release;
		};
		E7B0AC2E23E051B600401773 /* Debug */ = {
			isa = XCBuildConfiguration;
			buildSettings = {
				CODE_SIGN_STYLE = Automatic;
				DEVELOPMENT_TEAM = 4TTJDQ6P4J;
				ENABLE_HARDENED_RUNTIME = YES;
				PRODUCT_NAME = "$(TARGET_NAME)";
				SWIFT_VERSION = 5.0;
			};
			name = Debug;
		};
		E7B0AC2F23E051B600401773 /* Release */ = {
			isa = XCBuildConfiguration;
			buildSettings = {
				CODE_SIGN_STYLE = Automatic;
				DEVELOPMENT_TEAM = 4TTJDQ6P4J;
				ENABLE_HARDENED_RUNTIME = YES;
				PRODUCT_NAME = "$(TARGET_NAME)";
				SWIFT_VERSION = 5.0;
			};
			name = Release;
		};
		E7B0AC3A23E053A300401773 /* Debug */ = {
			isa = XCBuildConfiguration;
			buildSettings = {
				CODE_SIGN_STYLE = Automatic;
				DEVELOPMENT_TEAM = 4TTJDQ6P4J;
				ENABLE_HARDENED_RUNTIME = YES;
				PRODUCT_NAME = "$(TARGET_NAME)";
				SWIFT_VERSION = 5.0;
			};
			name = Debug;
		};
		E7B0AC3B23E053A300401773 /* Release */ = {
			isa = XCBuildConfiguration;
			buildSettings = {
				CODE_SIGN_STYLE = Automatic;
				DEVELOPMENT_TEAM = 4TTJDQ6P4J;
				ENABLE_HARDENED_RUNTIME = YES;
				PRODUCT_NAME = "$(TARGET_NAME)";
				SWIFT_VERSION = 5.0;
			};
			name = Release;
		};
		E7B0AC4523E0550900401773 /* Debug */ = {
			isa = XCBuildConfiguration;
			buildSettings = {
				CODE_SIGN_STYLE = Automatic;
				DEVELOPMENT_TEAM = 4TTJDQ6P4J;
				ENABLE_HARDENED_RUNTIME = YES;
				PRODUCT_NAME = "$(TARGET_NAME)";
				SWIFT_VERSION = 5.0;
			};
			name = Debug;
		};
		E7B0AC4623E0550900401773 /* Release */ = {
			isa = XCBuildConfiguration;
			buildSettings = {
				CODE_SIGN_STYLE = Automatic;
				DEVELOPMENT_TEAM = 4TTJDQ6P4J;
				ENABLE_HARDENED_RUNTIME = YES;
				PRODUCT_NAME = "$(TARGET_NAME)";
				SWIFT_VERSION = 5.0;
			};
			name = Release;
		};
		E7D7738723D90C05009037B6 /* Debug */ = {
			isa = XCBuildConfiguration;
			buildSettings = {
				CODE_SIGN_STYLE = Automatic;
				DEVELOPMENT_TEAM = 4TTJDQ6P4J;
				ENABLE_HARDENED_RUNTIME = YES;
				PRODUCT_NAME = "$(TARGET_NAME)";
				SWIFT_VERSION = 5.0;
			};
			name = Debug;
		};
		E7D7738823D90C05009037B6 /* Release */ = {
			isa = XCBuildConfiguration;
			buildSettings = {
				CODE_SIGN_STYLE = Automatic;
				DEVELOPMENT_TEAM = 4TTJDQ6P4J;
				ENABLE_HARDENED_RUNTIME = YES;
				PRODUCT_NAME = "$(TARGET_NAME)";
				SWIFT_VERSION = 5.0;
			};
			name = Release;
		};
		E7D7739E23D90F7E009037B6 /* Debug */ = {
			isa = XCBuildConfiguration;
			buildSettings = {
				CODE_SIGN_STYLE = Automatic;
				DEVELOPMENT_TEAM = 4TTJDQ6P4J;
				ENABLE_HARDENED_RUNTIME = YES;
				PRODUCT_NAME = "$(TARGET_NAME)";
				SWIFT_VERSION = 5.0;
			};
			name = Debug;
		};
		E7D7739F23D90F7E009037B6 /* Release */ = {
			isa = XCBuildConfiguration;
			buildSettings = {
				CODE_SIGN_STYLE = Automatic;
				DEVELOPMENT_TEAM = 4TTJDQ6P4J;
				ENABLE_HARDENED_RUNTIME = YES;
				PRODUCT_NAME = "$(TARGET_NAME)";
				SWIFT_VERSION = 5.0;
			};
			name = Release;
		};
		E7F8D3D323D5F68B00E9E548 /* Debug */ = {
			isa = XCBuildConfiguration;
			buildSettings = {
				CODE_SIGN_STYLE = Automatic;
				DEVELOPMENT_TEAM = 4TTJDQ6P4J;
				ENABLE_HARDENED_RUNTIME = YES;
				PRODUCT_NAME = "$(TARGET_NAME)";
				SWIFT_VERSION = 5.0;
			};
			name = Debug;
		};
		E7F8D3D423D5F68B00E9E548 /* Release */ = {
			isa = XCBuildConfiguration;
			buildSettings = {
				CODE_SIGN_STYLE = Automatic;
				DEVELOPMENT_TEAM = 4TTJDQ6P4J;
				ENABLE_HARDENED_RUNTIME = YES;
				PRODUCT_NAME = "$(TARGET_NAME)";
				SWIFT_VERSION = 5.0;
			};
			name = Release;
		};
		E7FE954D23D49E6800B929B4 /* Debug */ = {
			isa = XCBuildConfiguration;
			buildSettings = {
				ALWAYS_SEARCH_USER_PATHS = NO;
				CLANG_ANALYZER_NONNULL = YES;
				CLANG_ANALYZER_NUMBER_OBJECT_CONVERSION = YES_AGGRESSIVE;
				CLANG_CXX_LANGUAGE_STANDARD = "gnu++14";
				CLANG_CXX_LIBRARY = "libc++";
				CLANG_ENABLE_MODULES = YES;
				CLANG_ENABLE_OBJC_ARC = YES;
				CLANG_ENABLE_OBJC_WEAK = YES;
				CLANG_WARN_BLOCK_CAPTURE_AUTORELEASING = YES;
				CLANG_WARN_BOOL_CONVERSION = YES;
				CLANG_WARN_COMMA = YES;
				CLANG_WARN_CONSTANT_CONVERSION = YES;
				CLANG_WARN_DEPRECATED_OBJC_IMPLEMENTATIONS = YES;
				CLANG_WARN_DIRECT_OBJC_ISA_USAGE = YES_ERROR;
				CLANG_WARN_DOCUMENTATION_COMMENTS = YES;
				CLANG_WARN_EMPTY_BODY = YES;
				CLANG_WARN_ENUM_CONVERSION = YES;
				CLANG_WARN_INFINITE_RECURSION = YES;
				CLANG_WARN_INT_CONVERSION = YES;
				CLANG_WARN_NON_LITERAL_NULL_CONVERSION = YES;
				CLANG_WARN_OBJC_IMPLICIT_RETAIN_SELF = YES;
				CLANG_WARN_OBJC_LITERAL_CONVERSION = YES;
				CLANG_WARN_OBJC_ROOT_CLASS = YES_ERROR;
				CLANG_WARN_RANGE_LOOP_ANALYSIS = YES;
				CLANG_WARN_STRICT_PROTOTYPES = YES;
				CLANG_WARN_SUSPICIOUS_MOVE = YES;
				CLANG_WARN_UNGUARDED_AVAILABILITY = YES_AGGRESSIVE;
				CLANG_WARN_UNREACHABLE_CODE = YES;
				CLANG_WARN__DUPLICATE_METHOD_MATCH = YES;
				COPY_PHASE_STRIP = NO;
				DEBUG_INFORMATION_FORMAT = dwarf;
				ENABLE_STRICT_OBJC_MSGSEND = YES;
				ENABLE_TESTABILITY = YES;
				GCC_C_LANGUAGE_STANDARD = gnu11;
				GCC_DYNAMIC_NO_PIC = NO;
				GCC_NO_COMMON_BLOCKS = YES;
				GCC_OPTIMIZATION_LEVEL = 0;
				GCC_PREPROCESSOR_DEFINITIONS = (
					"DEBUG=1",
					"$(inherited)",
				);
				GCC_WARN_64_TO_32_BIT_CONVERSION = YES;
				GCC_WARN_ABOUT_RETURN_TYPE = YES_ERROR;
				GCC_WARN_UNDECLARED_SELECTOR = YES;
				GCC_WARN_UNINITIALIZED_AUTOS = YES_AGGRESSIVE;
				GCC_WARN_UNUSED_FUNCTION = YES;
				GCC_WARN_UNUSED_VARIABLE = YES;
				MACOSX_DEPLOYMENT_TARGET = 10.15;
				MTL_ENABLE_DEBUG_INFO = INCLUDE_SOURCE;
				MTL_FAST_MATH = YES;
				ONLY_ACTIVE_ARCH = YES;
				SDKROOT = macosx;
				SWIFT_ACTIVE_COMPILATION_CONDITIONS = DEBUG;
				SWIFT_OPTIMIZATION_LEVEL = "-Onone";
			};
			name = Debug;
		};
		E7FE954E23D49E6800B929B4 /* Release */ = {
			isa = XCBuildConfiguration;
			buildSettings = {
				ALWAYS_SEARCH_USER_PATHS = NO;
				CLANG_ANALYZER_NONNULL = YES;
				CLANG_ANALYZER_NUMBER_OBJECT_CONVERSION = YES_AGGRESSIVE;
				CLANG_CXX_LANGUAGE_STANDARD = "gnu++14";
				CLANG_CXX_LIBRARY = "libc++";
				CLANG_ENABLE_MODULES = YES;
				CLANG_ENABLE_OBJC_ARC = YES;
				CLANG_ENABLE_OBJC_WEAK = YES;
				CLANG_WARN_BLOCK_CAPTURE_AUTORELEASING = YES;
				CLANG_WARN_BOOL_CONVERSION = YES;
				CLANG_WARN_COMMA = YES;
				CLANG_WARN_CONSTANT_CONVERSION = YES;
				CLANG_WARN_DEPRECATED_OBJC_IMPLEMENTATIONS = YES;
				CLANG_WARN_DIRECT_OBJC_ISA_USAGE = YES_ERROR;
				CLANG_WARN_DOCUMENTATION_COMMENTS = YES;
				CLANG_WARN_EMPTY_BODY = YES;
				CLANG_WARN_ENUM_CONVERSION = YES;
				CLANG_WARN_INFINITE_RECURSION = YES;
				CLANG_WARN_INT_CONVERSION = YES;
				CLANG_WARN_NON_LITERAL_NULL_CONVERSION = YES;
				CLANG_WARN_OBJC_IMPLICIT_RETAIN_SELF = YES;
				CLANG_WARN_OBJC_LITERAL_CONVERSION = YES;
				CLANG_WARN_OBJC_ROOT_CLASS = YES_ERROR;
				CLANG_WARN_RANGE_LOOP_ANALYSIS = YES;
				CLANG_WARN_STRICT_PROTOTYPES = YES;
				CLANG_WARN_SUSPICIOUS_MOVE = YES;
				CLANG_WARN_UNGUARDED_AVAILABILITY = YES_AGGRESSIVE;
				CLANG_WARN_UNREACHABLE_CODE = YES;
				CLANG_WARN__DUPLICATE_METHOD_MATCH = YES;
				COPY_PHASE_STRIP = NO;
				DEBUG_INFORMATION_FORMAT = "dwarf-with-dsym";
				ENABLE_NS_ASSERTIONS = NO;
				ENABLE_STRICT_OBJC_MSGSEND = YES;
				GCC_C_LANGUAGE_STANDARD = gnu11;
				GCC_NO_COMMON_BLOCKS = YES;
				GCC_WARN_64_TO_32_BIT_CONVERSION = YES;
				GCC_WARN_ABOUT_RETURN_TYPE = YES_ERROR;
				GCC_WARN_UNDECLARED_SELECTOR = YES;
				GCC_WARN_UNINITIALIZED_AUTOS = YES_AGGRESSIVE;
				GCC_WARN_UNUSED_FUNCTION = YES;
				GCC_WARN_UNUSED_VARIABLE = YES;
				MACOSX_DEPLOYMENT_TARGET = 10.15;
				MTL_ENABLE_DEBUG_INFO = NO;
				MTL_FAST_MATH = YES;
				SDKROOT = macosx;
				SWIFT_COMPILATION_MODE = wholemodule;
				SWIFT_OPTIMIZATION_LEVEL = "-O";
			};
			name = Release;
		};
/* End XCBuildConfiguration section */

/* Begin XCConfigurationList section */
		152E327F23E0FCE200440A86 /* Build configuration list for PBXNativeTarget "prob2566" */ = {
			isa = XCConfigurationList;
			buildConfigurations = (
				152E327D23E0FCE200440A86 /* Debug */,
				152E327E23E0FCE200440A86 /* Release */,
			);
			defaultConfigurationIsVisible = 0;
			defaultConfigurationName = Release;
		};
		153931EC23DFE774000A777A /* Build configuration list for PBXNativeTarget "prob2438" */ = {
			isa = XCConfigurationList;
			buildConfigurations = (
				153931EA23DFE774000A777A /* Debug */,
				153931EB23DFE774000A777A /* Release */,
			);
			defaultConfigurationIsVisible = 0;
			defaultConfigurationName = Release;
		};
		1560100923E39E3000D7EA9B /* Build configuration list for PBXNativeTarget "prob3184" */ = {
			isa = XCConfigurationList;
			buildConfigurations = (
				1560100723E39E3000D7EA9B /* Debug */,
				1560100823E39E3000D7EA9B /* Release */,
			);
			defaultConfigurationIsVisible = 0;
			defaultConfigurationName = Release;
		};
		1567E6A723F2234D004E1297 /* Build configuration list for PBXNativeTarget "prob10828" */ = {
			isa = XCConfigurationList;
			buildConfigurations = (
				1567E6A823F2234D004E1297 /* Debug */,
				1567E6A923F2234D004E1297 /* Release */,
			);
			defaultConfigurationIsVisible = 0;
			defaultConfigurationName = Release;
		};
		15B8355823D94D3D00A4A648 /* Build configuration list for PBXNativeTarget "prob3059" */ = {
			isa = XCConfigurationList;
			buildConfigurations = (
				15B8355923D94D3D00A4A648 /* Debug */,
				15B8355A23D94D3D00A4A648 /* Release */,
			);
			defaultConfigurationIsVisible = 0;
			defaultConfigurationName = Release;
		};
		E71EFA8223ECD1C900932570 /* Build configuration list for PBXNativeTarget "prob5656" */ = {
			isa = XCConfigurationList;
			buildConfigurations = (
				E71EFA8023ECD1C900932570 /* Debug */,
				E71EFA8123ECD1C900932570 /* Release */,
			);
			defaultConfigurationIsVisible = 0;
			defaultConfigurationName = Release;
		};
		E71EFA8B23ECD4B800932570 /* Build configuration list for PBXNativeTarget "prob10845" */ = {
			isa = XCConfigurationList;
			buildConfigurations = (
				E71EFA8C23ECD4B800932570 /* Debug */,
				E71EFA8D23ECD4B800932570 /* Release */,
			);
			defaultConfigurationIsVisible = 0;
			defaultConfigurationName = Release;
		};
		E7347D9D23EB800C003D4990 /* Build configuration list for PBXNativeTarget "prob3449" */ = {
			isa = XCConfigurationList;
			buildConfigurations = (
				E7347D9B23EB800C003D4990 /* Debug */,
				E7347D9C23EB800C003D4990 /* Release */,
			);
			defaultConfigurationIsVisible = 0;
			defaultConfigurationName = Release;
		};
		E77D5EF723D4A35B00CBE046 /* Build configuration list for PBXNativeTarget "prob1000" */ = {
			isa = XCConfigurationList;
			buildConfigurations = (
				E77D5EF523D4A35B00CBE046 /* Debug */,
				E77D5EF623D4A35B00CBE046 /* Release */,
			);
			defaultConfigurationIsVisible = 0;
			defaultConfigurationName = Release;
		};
		E77D5F0023D4A6B300CBE046 /* Build configuration list for PBXNativeTarget "prob1001" */ = {
			isa = XCConfigurationList;
			buildConfigurations = (
				E77D5F0123D4A6B300CBE046 /* Debug */,
				E77D5F0223D4A6B300CBE046 /* Release */,
			);
			defaultConfigurationIsVisible = 0;
			defaultConfigurationName = Release;
		};
		E77D5F0B23D4A70F00CBE046 /* Build configuration list for PBXNativeTarget "prob1076" */ = {
			isa = XCConfigurationList;
			buildConfigurations = (
				E77D5F0C23D4A70F00CBE046 /* Debug */,
				E77D5F0D23D4A70F00CBE046 /* Release */,
			);
			defaultConfigurationIsVisible = 0;
			defaultConfigurationName = Release;
		};
		E796DE8323D8998800EE1FF6 /* Build configuration list for PBXNativeTarget "prob2902" */ = {
			isa = XCConfigurationList;
			buildConfigurations = (
				E796DE8123D8998800EE1FF6 /* Debug */,
				E796DE8223D8998800EE1FF6 /* Release */,
			);
			defaultConfigurationIsVisible = 0;
			defaultConfigurationName = Release;
		};
		E79FE43123D6651E00472078 /* Build configuration list for PBXNativeTarget "prob1371" */ = {
			isa = XCConfigurationList;
			buildConfigurations = (
				E79FE42F23D6651E00472078 /* Debug */,
				E79FE43023D6651E00472078 /* Release */,
			);
			defaultConfigurationIsVisible = 0;
			defaultConfigurationName = Release;
		};
		E7B0AC3023E051B600401773 /* Build configuration list for PBXNativeTarget "prob2439" */ = {
			isa = XCConfigurationList;
			buildConfigurations = (
				E7B0AC2E23E051B600401773 /* Debug */,
				E7B0AC2F23E051B600401773 /* Release */,
			);
			defaultConfigurationIsVisible = 0;
			defaultConfigurationName = Release;
		};
		E7B0AC3923E053A300401773 /* Build configuration list for PBXNativeTarget "prob2440" */ = {
			isa = XCConfigurationList;
			buildConfigurations = (
				E7B0AC3A23E053A300401773 /* Debug */,
				E7B0AC3B23E053A300401773 /* Release */,
			);
			defaultConfigurationIsVisible = 0;
			defaultConfigurationName = Release;
		};
		E7B0AC4423E0550900401773 /* Build configuration list for PBXNativeTarget "prob2455" */ = {
			isa = XCConfigurationList;
			buildConfigurations = (
				E7B0AC4523E0550900401773 /* Debug */,
				E7B0AC4623E0550900401773 /* Release */,
			);
			defaultConfigurationIsVisible = 0;
			defaultConfigurationName = Release;
		};
		E7D7738923D90C05009037B6 /* Build configuration list for PBXNativeTarget "prob2857" */ = {
			isa = XCConfigurationList;
			buildConfigurations = (
				E7D7738723D90C05009037B6 /* Debug */,
				E7D7738823D90C05009037B6 /* Release */,
			);
			defaultConfigurationIsVisible = 0;
			defaultConfigurationName = Release;
		};
		E7D7739D23D90F7E009037B6 /* Build configuration list for PBXNativeTarget "prob3058" */ = {
			isa = XCConfigurationList;
			buildConfigurations = (
				E7D7739E23D90F7E009037B6 /* Debug */,
				E7D7739F23D90F7E009037B6 /* Release */,
			);
			defaultConfigurationIsVisible = 0;
			defaultConfigurationName = Release;
		};
		E7F8D3D223D5F68B00E9E548 /* Build configuration list for PBXNativeTarget "prob1546" */ = {
			isa = XCConfigurationList;
			buildConfigurations = (
				E7F8D3D323D5F68B00E9E548 /* Debug */,
				E7F8D3D423D5F68B00E9E548 /* Release */,
			);
			defaultConfigurationIsVisible = 0;
			defaultConfigurationName = Release;
		};
		E7FE954323D49E6800B929B4 /* Build configuration list for PBXProject "AcmicpcSwiftPractice" */ = {
			isa = XCConfigurationList;
			buildConfigurations = (
				E7FE954D23D49E6800B929B4 /* Debug */,
				E7FE954E23D49E6800B929B4 /* Release */,
			);
			defaultConfigurationIsVisible = 0;
			defaultConfigurationName = Release;
		};
/* End XCConfigurationList section */
	};
	rootObject = E7FE954023D49E6800B929B4 /* Project object */;
}
