// !$*UTF8*$!
{
	archiveVersion = 1;
	classes = {
	};
	objectVersion = 50;
	objects = {

/* Begin PBXBuildFile section */
		E77D5EF423D4A35B00CBE046 /* main.swift in Sources */ = {isa = PBXBuildFile; fileRef = E77D5EF323D4A35B00CBE046 /* main.swift */; };
		E77D5EFF23D4A6B300CBE046 /* main.swift in Sources */ = {isa = PBXBuildFile; fileRef = E77D5EFE23D4A6B300CBE046 /* main.swift */; };
		E77D5F0A23D4A70F00CBE046 /* main.swift in Sources */ = {isa = PBXBuildFile; fileRef = E77D5F0923D4A70F00CBE046 /* main.swift */; };
		E796DE8023D8998800EE1FF6 /* main.swift in Sources */ = {isa = PBXBuildFile; fileRef = E796DE7F23D8998800EE1FF6 /* main.swift */; };
		E79FE42E23D6651E00472078 /* main.swift in Sources */ = {isa = PBXBuildFile; fileRef = E79FE42D23D6651E00472078 /* main.swift */; };
		E7D7738623D90C05009037B6 /* main.swift in Sources */ = {isa = PBXBuildFile; fileRef = E7D7738523D90C05009037B6 /* main.swift */; };
		E7D7739C23D90F7E009037B6 /* main.swift in Sources */ = {isa = PBXBuildFile; fileRef = E7D7739B23D90F7E009037B6 /* main.swift */; };
		E7F8D3D123D5F68B00E9E548 /* main.swift in Sources */ = {isa = PBXBuildFile; fileRef = E7F8D3D023D5F68B00E9E548 /* main.swift */; };
		E7FE954C23D49E6800B929B4 /* main.swift in Sources */ = {isa = PBXBuildFile; fileRef = E7FE954B23D49E6800B929B4 /* main.swift */; };
/* End PBXBuildFile section */

/* Begin PBXCopyFilesBuildPhase section */
		E77D5EEF23D4A35B00CBE046 /* CopyFiles */ = {
			isa = PBXCopyFilesBuildPhase;
			buildActionMask = 2147483647;
			dstPath = /usr/share/man/man1/;
			dstSubfolderSpec = 0;
			files = (
			);
			runOnlyForDeploymentPostprocessing = 1;
		};
		E77D5EFA23D4A6B300CBE046 /* CopyFiles */ = {
			isa = PBXCopyFilesBuildPhase;
			buildActionMask = 2147483647;
			dstPath = /usr/share/man/man1/;
			dstSubfolderSpec = 0;
			files = (
			);
			runOnlyForDeploymentPostprocessing = 1;
		};
		E77D5F0523D4A70F00CBE046 /* CopyFiles */ = {
			isa = PBXCopyFilesBuildPhase;
			buildActionMask = 2147483647;
			dstPath = /usr/share/man/man1/;
			dstSubfolderSpec = 0;
			files = (
			);
			runOnlyForDeploymentPostprocessing = 1;
		};
		E796DE7B23D8998800EE1FF6 /* CopyFiles */ = {
			isa = PBXCopyFilesBuildPhase;
			buildActionMask = 2147483647;
			dstPath = /usr/share/man/man1/;
			dstSubfolderSpec = 0;
			files = (
			);
			runOnlyForDeploymentPostprocessing = 1;
		};
		E79FE42923D6651E00472078 /* CopyFiles */ = {
			isa = PBXCopyFilesBuildPhase;
			buildActionMask = 2147483647;
			dstPath = /usr/share/man/man1/;
			dstSubfolderSpec = 0;
			files = (
			);
			runOnlyForDeploymentPostprocessing = 1;
		};
		E7D7738123D90C05009037B6 /* CopyFiles */ = {
			isa = PBXCopyFilesBuildPhase;
			buildActionMask = 2147483647;
			dstPath = /usr/share/man/man1/;
			dstSubfolderSpec = 0;
			files = (
			);
			runOnlyForDeploymentPostprocessing = 1;
		};
		E7D7738C23D90EE7009037B6 /* CopyFiles */ = {
			isa = PBXCopyFilesBuildPhase;
			buildActionMask = 2147483647;
			dstPath = /usr/share/man/man1/;
			dstSubfolderSpec = 0;
			files = (
			);
			runOnlyForDeploymentPostprocessing = 1;
		};
		E7D7739723D90F7E009037B6 /* CopyFiles */ = {
			isa = PBXCopyFilesBuildPhase;
			buildActionMask = 2147483647;
			dstPath = /usr/share/man/man1/;
			dstSubfolderSpec = 0;
			files = (
			);
			runOnlyForDeploymentPostprocessing = 1;
		};
		E7F8D3CC23D5F68B00E9E548 /* CopyFiles */ = {
			isa = PBXCopyFilesBuildPhase;
			buildActionMask = 2147483647;
			dstPath = /usr/share/man/man1/;
			dstSubfolderSpec = 0;
			files = (
			);
			runOnlyForDeploymentPostprocessing = 1;
		};
		E7FE954623D49E6800B929B4 /* CopyFiles */ = {
			isa = PBXCopyFilesBuildPhase;
			buildActionMask = 2147483647;
			dstPath = /usr/share/man/man1/;
			dstSubfolderSpec = 0;
			files = (
			);
			runOnlyForDeploymentPostprocessing = 1;
		};
/* End PBXCopyFilesBuildPhase section */

/* Begin PBXFileReference section */
		E77D5EF123D4A35B00CBE046 /* prob1000 */ = {isa = PBXFileReference; explicitFileType = "compiled.mach-o.executable"; includeInIndex = 0; path = prob1000; sourceTree = BUILT_PRODUCTS_DIR; };
		E77D5EF323D4A35B00CBE046 /* main.swift */ = {isa = PBXFileReference; lastKnownFileType = sourcecode.swift; path = main.swift; sourceTree = "<group>"; };
		E77D5EFC23D4A6B300CBE046 /* prob1001 */ = {isa = PBXFileReference; explicitFileType = "compiled.mach-o.executable"; includeInIndex = 0; path = prob1001; sourceTree = BUILT_PRODUCTS_DIR; };
		E77D5EFE23D4A6B300CBE046 /* main.swift */ = {isa = PBXFileReference; lastKnownFileType = sourcecode.swift; path = main.swift; sourceTree = "<group>"; };
		E77D5F0723D4A70F00CBE046 /* prob1076 */ = {isa = PBXFileReference; explicitFileType = "compiled.mach-o.executable"; includeInIndex = 0; path = prob1076; sourceTree = BUILT_PRODUCTS_DIR; };
		E77D5F0923D4A70F00CBE046 /* main.swift */ = {isa = PBXFileReference; lastKnownFileType = sourcecode.swift; path = main.swift; sourceTree = "<group>"; };
		E796DE7D23D8998800EE1FF6 /* prob2902 */ = {isa = PBXFileReference; explicitFileType = "compiled.mach-o.executable"; includeInIndex = 0; path = prob2902; sourceTree = BUILT_PRODUCTS_DIR; };
		E796DE7F23D8998800EE1FF6 /* main.swift */ = {isa = PBXFileReference; lastKnownFileType = sourcecode.swift; path = main.swift; sourceTree = "<group>"; };
		E79FE42B23D6651E00472078 /* prob1371 */ = {isa = PBXFileReference; explicitFileType = "compiled.mach-o.executable"; includeInIndex = 0; path = prob1371; sourceTree = BUILT_PRODUCTS_DIR; };
		E79FE42D23D6651E00472078 /* main.swift */ = {isa = PBXFileReference; lastKnownFileType = sourcecode.swift; path = main.swift; sourceTree = "<group>"; };
		E7D7738323D90C05009037B6 /* prob2857 */ = {isa = PBXFileReference; explicitFileType = "compiled.mach-o.executable"; includeInIndex = 0; path = prob2857; sourceTree = BUILT_PRODUCTS_DIR; };
		E7D7738523D90C05009037B6 /* main.swift */ = {isa = PBXFileReference; lastKnownFileType = sourcecode.swift; path = main.swift; sourceTree = "<group>"; };
		E7D7738E23D90EE7009037B6 /* 3058 */ = {isa = PBXFileReference; explicitFileType = "compiled.mach-o.executable"; includeInIndex = 0; path = 3058; sourceTree = BUILT_PRODUCTS_DIR; };
		E7D7739923D90F7E009037B6 /* prob3058 */ = {isa = PBXFileReference; explicitFileType = "compiled.mach-o.executable"; includeInIndex = 0; path = prob3058; sourceTree = BUILT_PRODUCTS_DIR; };
		E7D7739B23D90F7E009037B6 /* main.swift */ = {isa = PBXFileReference; lastKnownFileType = sourcecode.swift; path = main.swift; sourceTree = "<group>"; };
		E7F8D3CE23D5F68B00E9E548 /* prob1546 */ = {isa = PBXFileReference; explicitFileType = "compiled.mach-o.executable"; includeInIndex = 0; path = prob1546; sourceTree = BUILT_PRODUCTS_DIR; };
		E7F8D3D023D5F68B00E9E548 /* main.swift */ = {isa = PBXFileReference; lastKnownFileType = sourcecode.swift; path = main.swift; sourceTree = "<group>"; };
		E7FE954823D49E6800B929B4 /* AcmicpcSwiftPractice */ = {isa = PBXFileReference; explicitFileType = "compiled.mach-o.executable"; includeInIndex = 0; path = AcmicpcSwiftPractice; sourceTree = BUILT_PRODUCTS_DIR; };
		E7FE954B23D49E6800B929B4 /* main.swift */ = {isa = PBXFileReference; lastKnownFileType = sourcecode.swift; path = main.swift; sourceTree = "<group>"; };
/* End PBXFileReference section */

/* Begin PBXFrameworksBuildPhase section */
		E77D5EEE23D4A35B00CBE046 /* Frameworks */ = {
			isa = PBXFrameworksBuildPhase;
			buildActionMask = 2147483647;
			files = (
			);
			runOnlyForDeploymentPostprocessing = 0;
		};
		E77D5EF923D4A6B300CBE046 /* Frameworks */ = {
			isa = PBXFrameworksBuildPhase;
			buildActionMask = 2147483647;
			files = (
			);
			runOnlyForDeploymentPostprocessing = 0;
		};
		E77D5F0423D4A70F00CBE046 /* Frameworks */ = {
			isa = PBXFrameworksBuildPhase;
			buildActionMask = 2147483647;
			files = (
			);
			runOnlyForDeploymentPostprocessing = 0;
		};
		E796DE7A23D8998800EE1FF6 /* Frameworks */ = {
			isa = PBXFrameworksBuildPhase;
			buildActionMask = 2147483647;
			files = (
			);
			runOnlyForDeploymentPostprocessing = 0;
		};
		E79FE42823D6651E00472078 /* Frameworks */ = {
			isa = PBXFrameworksBuildPhase;
			buildActionMask = 2147483647;
			files = (
			);
			runOnlyForDeploymentPostprocessing = 0;
		};
		E7D7738023D90C05009037B6 /* Frameworks */ = {
			isa = PBXFrameworksBuildPhase;
			buildActionMask = 2147483647;
			files = (
			);
			runOnlyForDeploymentPostprocessing = 0;
		};
		E7D7738B23D90EE7009037B6 /* Frameworks */ = {
			isa = PBXFrameworksBuildPhase;
			buildActionMask = 2147483647;
			files = (
			);
			runOnlyForDeploymentPostprocessing = 0;
		};
		E7D7739623D90F7E009037B6 /* Frameworks */ = {
			isa = PBXFrameworksBuildPhase;
			buildActionMask = 2147483647;
			files = (
			);
			runOnlyForDeploymentPostprocessing = 0;
		};
		E7F8D3CB23D5F68B00E9E548 /* Frameworks */ = {
			isa = PBXFrameworksBuildPhase;
			buildActionMask = 2147483647;
			files = (
			);
			runOnlyForDeploymentPostprocessing = 0;
		};
		E7FE954523D49E6800B929B4 /* Frameworks */ = {
			isa = PBXFrameworksBuildPhase;
			buildActionMask = 2147483647;
			files = (
			);
			runOnlyForDeploymentPostprocessing = 0;
		};
/* End PBXFrameworksBuildPhase section */

/* Begin PBXGroup section */
		E77D5EF223D4A35B00CBE046 /* prob1000 */ = {
			isa = PBXGroup;
			children = (
				E77D5EF323D4A35B00CBE046 /* main.swift */,
			);
			path = prob1000;
			sourceTree = "<group>";
		};
		E77D5EFD23D4A6B300CBE046 /* prob1001 */ = {
			isa = PBXGroup;
			children = (
				E77D5EFE23D4A6B300CBE046 /* main.swift */,
			);
			path = prob1001;
			sourceTree = "<group>";
		};
		E77D5F0823D4A70F00CBE046 /* prob1076 */ = {
			isa = PBXGroup;
			children = (
				E77D5F0923D4A70F00CBE046 /* main.swift */,
			);
			path = prob1076;
			sourceTree = "<group>";
		};
		E796DE7E23D8998800EE1FF6 /* prob2902 */ = {
			isa = PBXGroup;
			children = (
				E796DE7F23D8998800EE1FF6 /* main.swift */,
			);
			path = prob2902;
			sourceTree = "<group>";
		};
		E79FE42C23D6651E00472078 /* prob1371 */ = {
			isa = PBXGroup;
			children = (
				E79FE42D23D6651E00472078 /* main.swift */,
			);
			path = prob1371;
			sourceTree = "<group>";
		};
		E7D7738423D90C05009037B6 /* prob2857 */ = {
			isa = PBXGroup;
			children = (
				E7D7738523D90C05009037B6 /* main.swift */,
			);
			path = prob2857;
			sourceTree = "<group>";
		};
		E7D7739A23D90F7E009037B6 /* prob3058 */ = {
			isa = PBXGroup;
			children = (
				E7D7739B23D90F7E009037B6 /* main.swift */,
			);
			path = prob3058;
			sourceTree = "<group>";
		};
		E7F8D3CF23D5F68B00E9E548 /* prob1546 */ = {
			isa = PBXGroup;
			children = (
				E7F8D3D023D5F68B00E9E548 /* main.swift */,
			);
			path = prob1546;
			sourceTree = "<group>";
		};
		E7FE953F23D49E6800B929B4 = {
			isa = PBXGroup;
			children = (
				E7FE954A23D49E6800B929B4 /* AcmicpcSwiftPractice */,
				E77D5EF223D4A35B00CBE046 /* prob1000 */,
				E77D5EFD23D4A6B300CBE046 /* prob1001 */,
				E77D5F0823D4A70F00CBE046 /* prob1076 */,
				E7F8D3CF23D5F68B00E9E548 /* prob1546 */,
				E79FE42C23D6651E00472078 /* prob1371 */,
				E796DE7E23D8998800EE1FF6 /* prob2902 */,
				E7D7738423D90C05009037B6 /* prob2857 */,
				E7D7739A23D90F7E009037B6 /* prob3058 */,
				E7FE954923D49E6800B929B4 /* Products */,
			);
			sourceTree = "<group>";
		};
		E7FE954923D49E6800B929B4 /* Products */ = {
			isa = PBXGroup;
			children = (
				E7FE954823D49E6800B929B4 /* AcmicpcSwiftPractice */,
				E77D5EF123D4A35B00CBE046 /* prob1000 */,
				E77D5EFC23D4A6B300CBE046 /* prob1001 */,
				E77D5F0723D4A70F00CBE046 /* prob1076 */,
				E7F8D3CE23D5F68B00E9E548 /* prob1546 */,
				E79FE42B23D6651E00472078 /* prob1371 */,
				E796DE7D23D8998800EE1FF6 /* prob2902 */,
				E7D7738323D90C05009037B6 /* prob2857 */,
				E7D7738E23D90EE7009037B6 /* 3058 */,
				E7D7739923D90F7E009037B6 /* prob3058 */,
			);
			name = Products;
			sourceTree = "<group>";
		};
		E7FE954A23D49E6800B929B4 /* AcmicpcSwiftPractice */ = {
			isa = PBXGroup;
			children = (
				E7FE954B23D49E6800B929B4 /* main.swift */,
			);
			path = AcmicpcSwiftPractice;
			sourceTree = "<group>";
		};
/* End PBXGroup section */

/* Begin PBXNativeTarget section */
		E77D5EF023D4A35B00CBE046 /* prob1000 */ = {
			isa = PBXNativeTarget;
			buildConfigurationList = E77D5EF723D4A35B00CBE046 /* Build configuration list for PBXNativeTarget "prob1000" */;
			buildPhases = (
				E77D5EED23D4A35B00CBE046 /* Sources */,
				E77D5EEE23D4A35B00CBE046 /* Frameworks */,
				E77D5EEF23D4A35B00CBE046 /* CopyFiles */,
			);
			buildRules = (
			);
			dependencies = (
			);
			name = prob1000;
			productName = prob1000;
			productReference = E77D5EF123D4A35B00CBE046 /* prob1000 */;
			productType = "com.apple.product-type.tool";
		};
		E77D5EFB23D4A6B300CBE046 /* prob1001 */ = {
			isa = PBXNativeTarget;
			buildConfigurationList = E77D5F0023D4A6B300CBE046 /* Build configuration list for PBXNativeTarget "prob1001" */;
			buildPhases = (
				E77D5EF823D4A6B300CBE046 /* Sources */,
				E77D5EF923D4A6B300CBE046 /* Frameworks */,
				E77D5EFA23D4A6B300CBE046 /* CopyFiles */,
			);
			buildRules = (
			);
			dependencies = (
			);
			name = prob1001;
			productName = prob1001;
			productReference = E77D5EFC23D4A6B300CBE046 /* prob1001 */;
			productType = "com.apple.product-type.tool";
		};
		E77D5F0623D4A70F00CBE046 /* prob1076 */ = {
			isa = PBXNativeTarget;
			buildConfigurationList = E77D5F0B23D4A70F00CBE046 /* Build configuration list for PBXNativeTarget "prob1076" */;
			buildPhases = (
				E77D5F0323D4A70F00CBE046 /* Sources */,
				E77D5F0423D4A70F00CBE046 /* Frameworks */,
				E77D5F0523D4A70F00CBE046 /* CopyFiles */,
			);
			buildRules = (
			);
			dependencies = (
			);
			name = prob1076;
			productName = prob1076;
			productReference = E77D5F0723D4A70F00CBE046 /* prob1076 */;
			productType = "com.apple.product-type.tool";
		};
		E796DE7C23D8998800EE1FF6 /* prob2902 */ = {
			isa = PBXNativeTarget;
			buildConfigurationList = E796DE8323D8998800EE1FF6 /* Build configuration list for PBXNativeTarget "prob2902" */;
			buildPhases = (
				E796DE7923D8998800EE1FF6 /* Sources */,
				E796DE7A23D8998800EE1FF6 /* Frameworks */,
				E796DE7B23D8998800EE1FF6 /* CopyFiles */,
			);
			buildRules = (
			);
			dependencies = (
			);
			name = prob2902;
			productName = prob2902;
			productReference = E796DE7D23D8998800EE1FF6 /* prob2902 */;
			productType = "com.apple.product-type.tool";
		};
		E79FE42A23D6651E00472078 /* prob1371 */ = {
			isa = PBXNativeTarget;
			buildConfigurationList = E79FE43123D6651E00472078 /* Build configuration list for PBXNativeTarget "prob1371" */;
			buildPhases = (
				E79FE42723D6651E00472078 /* Sources */,
				E79FE42823D6651E00472078 /* Frameworks */,
				E79FE42923D6651E00472078 /* CopyFiles */,
			);
			buildRules = (
			);
			dependencies = (
			);
			name = prob1371;
			productName = prob1371;
			productReference = E79FE42B23D6651E00472078 /* prob1371 */;
			productType = "com.apple.product-type.tool";
		};
		E7D7738223D90C05009037B6 /* prob2857 */ = {
			isa = PBXNativeTarget;
			buildConfigurationList = E7D7738923D90C05009037B6 /* Build configuration list for PBXNativeTarget "prob2857" */;
			buildPhases = (
				E7D7737F23D90C05009037B6 /* Sources */,
				E7D7738023D90C05009037B6 /* Frameworks */,
				E7D7738123D90C05009037B6 /* CopyFiles */,
			);
			buildRules = (
			);
			dependencies = (
			);
			name = prob2857;
			productName = prob2857;
			productReference = E7D7738323D90C05009037B6 /* prob2857 */;
			productType = "com.apple.product-type.tool";
		};
		E7D7738D23D90EE7009037B6 /* 3058 */ = {
			isa = PBXNativeTarget;
			buildConfigurationList = E7D7739223D90EE7009037B6 /* Build configuration list for PBXNativeTarget "3058" */;
			buildPhases = (
				E7D7738A23D90EE7009037B6 /* Sources */,
				E7D7738B23D90EE7009037B6 /* Frameworks */,
				E7D7738C23D90EE7009037B6 /* CopyFiles */,
			);
			buildRules = (
			);
			dependencies = (
			);
			name = 3058;
			productName = 3058;
			productReference = E7D7738E23D90EE7009037B6 /* 3058 */;
			productType = "com.apple.product-type.tool";
		};
		E7D7739823D90F7E009037B6 /* prob3058 */ = {
			isa = PBXNativeTarget;
			buildConfigurationList = E7D7739D23D90F7E009037B6 /* Build configuration list for PBXNativeTarget "prob3058" */;
			buildPhases = (
				E7D7739523D90F7E009037B6 /* Sources */,
				E7D7739623D90F7E009037B6 /* Frameworks */,
				E7D7739723D90F7E009037B6 /* CopyFiles */,
			);
			buildRules = (
			);
			dependencies = (
			);
			name = prob3058;
			productName = prob3058;
			productReference = E7D7739923D90F7E009037B6 /* prob3058 */;
			productType = "com.apple.product-type.tool";
		};
		E7F8D3CD23D5F68B00E9E548 /* prob1546 */ = {
			isa = PBXNativeTarget;
			buildConfigurationList = E7F8D3D223D5F68B00E9E548 /* Build configuration list for PBXNativeTarget "prob1546" */;
			buildPhases = (
				E7F8D3CA23D5F68B00E9E548 /* Sources */,
				E7F8D3CB23D5F68B00E9E548 /* Frameworks */,
				E7F8D3CC23D5F68B00E9E548 /* CopyFiles */,
			);
			buildRules = (
			);
			dependencies = (
			);
			name = prob1546;
			productName = prob1546;
			productReference = E7F8D3CE23D5F68B00E9E548 /* prob1546 */;
			productType = "com.apple.product-type.tool";
		};
		E7FE954723D49E6800B929B4 /* AcmicpcSwiftPractice */ = {
			isa = PBXNativeTarget;
			buildConfigurationList = E7FE954F23D49E6800B929B4 /* Build configuration list for PBXNativeTarget "AcmicpcSwiftPractice" */;
			buildPhases = (
				E7FE954423D49E6800B929B4 /* Sources */,
				E7FE954523D49E6800B929B4 /* Frameworks */,
				E7FE954623D49E6800B929B4 /* CopyFiles */,
			);
			buildRules = (
			);
			dependencies = (
			);
			name = AcmicpcSwiftPractice;
			productName = AcmicpcSwiftPractice;
			productReference = E7FE954823D49E6800B929B4 /* AcmicpcSwiftPractice */;
			productType = "com.apple.product-type.tool";
		};
/* End PBXNativeTarget section */

/* Begin PBXProject section */
		E7FE954023D49E6800B929B4 /* Project object */ = {
			isa = PBXProject;
			attributes = {
				LastSwiftUpdateCheck = 1130;
				LastUpgradeCheck = 1130;
				ORGANIZATIONNAME = "justin dongwook Jung";
				TargetAttributes = {
					E77D5EF023D4A35B00CBE046 = {
						CreatedOnToolsVersion = 11.3.1;
					};
					E77D5EFB23D4A6B300CBE046 = {
						CreatedOnToolsVersion = 11.3.1;
					};
					E77D5F0623D4A70F00CBE046 = {
						CreatedOnToolsVersion = 11.3.1;
					};
					E796DE7C23D8998800EE1FF6 = {
						CreatedOnToolsVersion = 11.3.1;
					};
					E79FE42A23D6651E00472078 = {
						CreatedOnToolsVersion = 11.3.1;
					};
					E7D7738223D90C05009037B6 = {
						CreatedOnToolsVersion = 11.3.1;
					};
					E7D7738D23D90EE7009037B6 = {
						CreatedOnToolsVersion = 11.3.1;
					};
					E7D7739823D90F7E009037B6 = {
						CreatedOnToolsVersion = 11.3.1;
					};
					E7F8D3CD23D5F68B00E9E548 = {
						CreatedOnToolsVersion = 11.3.1;
					};
					E7FE954723D49E6800B929B4 = {
						CreatedOnToolsVersion = 11.3.1;
					};
				};
			};
			buildConfigurationList = E7FE954323D49E6800B929B4 /* Build configuration list for PBXProject "AcmicpcSwiftPractice" */;
			compatibilityVersion = "Xcode 9.3";
			developmentRegion = en;
			hasScannedForEncodings = 0;
			knownRegions = (
				en,
				Base,
			);
			mainGroup = E7FE953F23D49E6800B929B4;
			productRefGroup = E7FE954923D49E6800B929B4 /* Products */;
			projectDirPath = "";
			projectRoot = "";
			targets = (
				E7FE954723D49E6800B929B4 /* AcmicpcSwiftPractice */,
				E77D5EF023D4A35B00CBE046 /* prob1000 */,
				E77D5EFB23D4A6B300CBE046 /* prob1001 */,
				E77D5F0623D4A70F00CBE046 /* prob1076 */,
				E7F8D3CD23D5F68B00E9E548 /* prob1546 */,
				E79FE42A23D6651E00472078 /* prob1371 */,
				E796DE7C23D8998800EE1FF6 /* prob2902 */,
				E7D7738223D90C05009037B6 /* prob2857 */,
				E7D7738D23D90EE7009037B6 /* 3058 */,
				E7D7739823D90F7E009037B6 /* prob3058 */,
			);
		};
/* End PBXProject section */

/* Begin PBXSourcesBuildPhase section */
		E77D5EED23D4A35B00CBE046 /* Sources */ = {
			isa = PBXSourcesBuildPhase;
			buildActionMask = 2147483647;
			files = (
				E77D5EF423D4A35B00CBE046 /* main.swift in Sources */,
			);
			runOnlyForDeploymentPostprocessing = 0;
		};
		E77D5EF823D4A6B300CBE046 /* Sources */ = {
			isa = PBXSourcesBuildPhase;
			buildActionMask = 2147483647;
			files = (
				E77D5EFF23D4A6B300CBE046 /* main.swift in Sources */,
			);
			runOnlyForDeploymentPostprocessing = 0;
		};
		E77D5F0323D4A70F00CBE046 /* Sources */ = {
			isa = PBXSourcesBuildPhase;
			buildActionMask = 2147483647;
			files = (
				E77D5F0A23D4A70F00CBE046 /* main.swift in Sources */,
			);
			runOnlyForDeploymentPostprocessing = 0;
		};
		E796DE7923D8998800EE1FF6 /* Sources */ = {
			isa = PBXSourcesBuildPhase;
			buildActionMask = 2147483647;
			files = (
				E796DE8023D8998800EE1FF6 /* main.swift in Sources */,
			);
			runOnlyForDeploymentPostprocessing = 0;
		};
		E79FE42723D6651E00472078 /* Sources */ = {
			isa = PBXSourcesBuildPhase;
			buildActionMask = 2147483647;
			files = (
				E79FE42E23D6651E00472078 /* main.swift in Sources */,
			);
			runOnlyForDeploymentPostprocessing = 0;
		};
		E7D7737F23D90C05009037B6 /* Sources */ = {
			isa = PBXSourcesBuildPhase;
			buildActionMask = 2147483647;
			files = (
				E7D7738623D90C05009037B6 /* main.swift in Sources */,
			);
			runOnlyForDeploymentPostprocessing = 0;
		};
		E7D7738A23D90EE7009037B6 /* Sources */ = {
			isa = PBXSourcesBuildPhase;
			buildActionMask = 2147483647;
			files = (
			);
			runOnlyForDeploymentPostprocessing = 0;
		};
		E7D7739523D90F7E009037B6 /* Sources */ = {
			isa = PBXSourcesBuildPhase;
			buildActionMask = 2147483647;
			files = (
				E7D7739C23D90F7E009037B6 /* main.swift in Sources */,
			);
			runOnlyForDeploymentPostprocessing = 0;
		};
		E7F8D3CA23D5F68B00E9E548 /* Sources */ = {
			isa = PBXSourcesBuildPhase;
			buildActionMask = 2147483647;
			files = (
				E7F8D3D123D5F68B00E9E548 /* main.swift in Sources */,
			);
			runOnlyForDeploymentPostprocessing = 0;
		};
		E7FE954423D49E6800B929B4 /* Sources */ = {
			isa = PBXSourcesBuildPhase;
			buildActionMask = 2147483647;
			files = (
				E7FE954C23D49E6800B929B4 /* main.swift in Sources */,
			);
			runOnlyForDeploymentPostprocessing = 0;
		};
/* End PBXSourcesBuildPhase section */

/* Begin XCBuildConfiguration section */
		E77D5EF523D4A35B00CBE046 /* Debug */ = {
			isa = XCBuildConfiguration;
			buildSettings = {
				CODE_SIGN_STYLE = Automatic;
				DEVELOPMENT_TEAM = 4TTJDQ6P4J;
				ENABLE_HARDENED_RUNTIME = YES;
				PRODUCT_NAME = "$(TARGET_NAME)";
				SWIFT_VERSION = 5.0;
			};
			name = Debug;
		};
		E77D5EF623D4A35B00CBE046 /* Release */ = {
			isa = XCBuildConfiguration;
			buildSettings = {
				CODE_SIGN_STYLE = Automatic;
				DEVELOPMENT_TEAM = 4TTJDQ6P4J;
				ENABLE_HARDENED_RUNTIME = YES;
				PRODUCT_NAME = "$(TARGET_NAME)";
				SWIFT_VERSION = 5.0;
			};
			name = Release;
		};
		E77D5F0123D4A6B300CBE046 /* Debug */ = {
			isa = XCBuildConfiguration;
			buildSettings = {
				CODE_SIGN_STYLE = Automatic;
				DEVELOPMENT_TEAM = 4TTJDQ6P4J;
				ENABLE_HARDENED_RUNTIME = YES;
				PRODUCT_NAME = "$(TARGET_NAME)";
				SWIFT_VERSION = 5.0;
			};
			name = Debug;
		};
		E77D5F0223D4A6B300CBE046 /* Release */ = {
			isa = XCBuildConfiguration;
			buildSettings = {
				CODE_SIGN_STYLE = Automatic;
				DEVELOPMENT_TEAM = 4TTJDQ6P4J;
				ENABLE_HARDENED_RUNTIME = YES;
				PRODUCT_NAME = "$(TARGET_NAME)";
				SWIFT_VERSION = 5.0;
			};
			name = Release;
		};
		E77D5F0C23D4A70F00CBE046 /* Debug */ = {
			isa = XCBuildConfiguration;
			buildSettings = {
				CODE_SIGN_STYLE = Automatic;
				DEVELOPMENT_TEAM = 4TTJDQ6P4J;
				ENABLE_HARDENED_RUNTIME = YES;
				PRODUCT_NAME = "$(TARGET_NAME)";
				SWIFT_VERSION = 5.0;
			};
			name = Debug;
		};
		E77D5F0D23D4A70F00CBE046 /* Release */ = {
			isa = XCBuildConfiguration;
			buildSettings = {
				CODE_SIGN_STYLE = Automatic;
				DEVELOPMENT_TEAM = 4TTJDQ6P4J;
				ENABLE_HARDENED_RUNTIME = YES;
				PRODUCT_NAME = "$(TARGET_NAME)";
				SWIFT_VERSION = 5.0;
			};
			name = Release;
		};
		E796DE8123D8998800EE1FF6 /* Debug */ = {
			isa = XCBuildConfiguration;
			buildSettings = {
				CODE_SIGN_STYLE = Automatic;
				DEVELOPMENT_TEAM = 4TTJDQ6P4J;
				ENABLE_HARDENED_RUNTIME = YES;
				PRODUCT_NAME = "$(TARGET_NAME)";
				SWIFT_VERSION = 5.0;
			};
			name = Debug;
		};
		E796DE8223D8998800EE1FF6 /* Release */ = {
			isa = XCBuildConfiguration;
			buildSettings = {
				CODE_SIGN_STYLE = Automatic;
				DEVELOPMENT_TEAM = 4TTJDQ6P4J;
				ENABLE_HARDENED_RUNTIME = YES;
				PRODUCT_NAME = "$(TARGET_NAME)";
				SWIFT_VERSION = 5.0;
			};
			name = Release;
		};
		E79FE42F23D6651E00472078 /* Debug */ = {
			isa = XCBuildConfiguration;
			buildSettings = {
				CODE_SIGN_STYLE = Automatic;
				DEVELOPMENT_TEAM = 4TTJDQ6P4J;
				ENABLE_HARDENED_RUNTIME = YES;
				PRODUCT_NAME = "$(TARGET_NAME)";
				SWIFT_VERSION = 5.0;
			};
			name = Debug;
		};
		E79FE43023D6651E00472078 /* Release */ = {
			isa = XCBuildConfiguration;
			buildSettings = {
				CODE_SIGN_STYLE = Automatic;
				DEVELOPMENT_TEAM = 4TTJDQ6P4J;
				ENABLE_HARDENED_RUNTIME = YES;
				PRODUCT_NAME = "$(TARGET_NAME)";
				SWIFT_VERSION = 5.0;
			};
			name = Release;
		};
		E7D7738723D90C05009037B6 /* Debug */ = {
			isa = XCBuildConfiguration;
			buildSettings = {
				CODE_SIGN_STYLE = Automatic;
				DEVELOPMENT_TEAM = 4TTJDQ6P4J;
				ENABLE_HARDENED_RUNTIME = YES;
				PRODUCT_NAME = "$(TARGET_NAME)";
				SWIFT_VERSION = 5.0;
			};
			name = Debug;
		};
		E7D7738823D90C05009037B6 /* Release */ = {
			isa = XCBuildConfiguration;
			buildSettings = {
				CODE_SIGN_STYLE = Automatic;
				DEVELOPMENT_TEAM = 4TTJDQ6P4J;
				ENABLE_HARDENED_RUNTIME = YES;
				PRODUCT_NAME = "$(TARGET_NAME)";
				SWIFT_VERSION = 5.0;
			};
			name = Release;
		};
		E7D7739323D90EE7009037B6 /* Debug */ = {
			isa = XCBuildConfiguration;
			buildSettings = {
				CODE_SIGN_STYLE = Automatic;
				DEVELOPMENT_TEAM = 4TTJDQ6P4J;
				ENABLE_HARDENED_RUNTIME = YES;
				PRODUCT_NAME = "$(TARGET_NAME)";
				SWIFT_VERSION = 5.0;
			};
			name = Debug;
		};
		E7D7739423D90EE7009037B6 /* Release */ = {
			isa = XCBuildConfiguration;
			buildSettings = {
				CODE_SIGN_STYLE = Automatic;
				DEVELOPMENT_TEAM = 4TTJDQ6P4J;
				ENABLE_HARDENED_RUNTIME = YES;
				PRODUCT_NAME = "$(TARGET_NAME)";
				SWIFT_VERSION = 5.0;
			};
			name = Release;
		};
		E7D7739E23D90F7E009037B6 /* Debug */ = {
			isa = XCBuildConfiguration;
			buildSettings = {
				CODE_SIGN_STYLE = Automatic;
				DEVELOPMENT_TEAM = 4TTJDQ6P4J;
				ENABLE_HARDENED_RUNTIME = YES;
				PRODUCT_NAME = "$(TARGET_NAME)";
				SWIFT_VERSION = 5.0;
			};
			name = Debug;
		};
		E7D7739F23D90F7E009037B6 /* Release */ = {
			isa = XCBuildConfiguration;
			buildSettings = {
				CODE_SIGN_STYLE = Automatic;
				DEVELOPMENT_TEAM = 4TTJDQ6P4J;
				ENABLE_HARDENED_RUNTIME = YES;
				PRODUCT_NAME = "$(TARGET_NAME)";
				SWIFT_VERSION = 5.0;
			};
			name = Release;
		};
		E7F8D3D323D5F68B00E9E548 /* Debug */ = {
			isa = XCBuildConfiguration;
			buildSettings = {
				CODE_SIGN_STYLE = Automatic;
				DEVELOPMENT_TEAM = 4TTJDQ6P4J;
				ENABLE_HARDENED_RUNTIME = YES;
				PRODUCT_NAME = "$(TARGET_NAME)";
				SWIFT_VERSION = 5.0;
			};
			name = Debug;
		};
		E7F8D3D423D5F68B00E9E548 /* Release */ = {
			isa = XCBuildConfiguration;
			buildSettings = {
				CODE_SIGN_STYLE = Automatic;
				DEVELOPMENT_TEAM = 4TTJDQ6P4J;
				ENABLE_HARDENED_RUNTIME = YES;
				PRODUCT_NAME = "$(TARGET_NAME)";
				SWIFT_VERSION = 5.0;
			};
			name = Release;
		};
		E7FE954D23D49E6800B929B4 /* Debug */ = {
			isa = XCBuildConfiguration;
			buildSettings = {
				ALWAYS_SEARCH_USER_PATHS = NO;
				CLANG_ANALYZER_NONNULL = YES;
				CLANG_ANALYZER_NUMBER_OBJECT_CONVERSION = YES_AGGRESSIVE;
				CLANG_CXX_LANGUAGE_STANDARD = "gnu++14";
				CLANG_CXX_LIBRARY = "libc++";
				CLANG_ENABLE_MODULES = YES;
				CLANG_ENABLE_OBJC_ARC = YES;
				CLANG_ENABLE_OBJC_WEAK = YES;
				CLANG_WARN_BLOCK_CAPTURE_AUTORELEASING = YES;
				CLANG_WARN_BOOL_CONVERSION = YES;
				CLANG_WARN_COMMA = YES;
				CLANG_WARN_CONSTANT_CONVERSION = YES;
				CLANG_WARN_DEPRECATED_OBJC_IMPLEMENTATIONS = YES;
				CLANG_WARN_DIRECT_OBJC_ISA_USAGE = YES_ERROR;
				CLANG_WARN_DOCUMENTATION_COMMENTS = YES;
				CLANG_WARN_EMPTY_BODY = YES;
				CLANG_WARN_ENUM_CONVERSION = YES;
				CLANG_WARN_INFINITE_RECURSION = YES;
				CLANG_WARN_INT_CONVERSION = YES;
				CLANG_WARN_NON_LITERAL_NULL_CONVERSION = YES;
				CLANG_WARN_OBJC_IMPLICIT_RETAIN_SELF = YES;
				CLANG_WARN_OBJC_LITERAL_CONVERSION = YES;
				CLANG_WARN_OBJC_ROOT_CLASS = YES_ERROR;
				CLANG_WARN_RANGE_LOOP_ANALYSIS = YES;
				CLANG_WARN_STRICT_PROTOTYPES = YES;
				CLANG_WARN_SUSPICIOUS_MOVE = YES;
				CLANG_WARN_UNGUARDED_AVAILABILITY = YES_AGGRESSIVE;
				CLANG_WARN_UNREACHABLE_CODE = YES;
				CLANG_WARN__DUPLICATE_METHOD_MATCH = YES;
				COPY_PHASE_STRIP = NO;
				DEBUG_INFORMATION_FORMAT = dwarf;
				ENABLE_STRICT_OBJC_MSGSEND = YES;
				ENABLE_TESTABILITY = YES;
				GCC_C_LANGUAGE_STANDARD = gnu11;
				GCC_DYNAMIC_NO_PIC = NO;
				GCC_NO_COMMON_BLOCKS = YES;
				GCC_OPTIMIZATION_LEVEL = 0;
				GCC_PREPROCESSOR_DEFINITIONS = (
					"DEBUG=1",
					"$(inherited)",
				);
				GCC_WARN_64_TO_32_BIT_CONVERSION = YES;
				GCC_WARN_ABOUT_RETURN_TYPE = YES_ERROR;
				GCC_WARN_UNDECLARED_SELECTOR = YES;
				GCC_WARN_UNINITIALIZED_AUTOS = YES_AGGRESSIVE;
				GCC_WARN_UNUSED_FUNCTION = YES;
				GCC_WARN_UNUSED_VARIABLE = YES;
				MACOSX_DEPLOYMENT_TARGET = 10.15;
				MTL_ENABLE_DEBUG_INFO = INCLUDE_SOURCE;
				MTL_FAST_MATH = YES;
				ONLY_ACTIVE_ARCH = YES;
				SDKROOT = macosx;
				SWIFT_ACTIVE_COMPILATION_CONDITIONS = DEBUG;
				SWIFT_OPTIMIZATION_LEVEL = "-Onone";
			};
			name = Debug;
		};
		E7FE954E23D49E6800B929B4 /* Release */ = {
			isa = XCBuildConfiguration;
			buildSettings = {
				ALWAYS_SEARCH_USER_PATHS = NO;
				CLANG_ANALYZER_NONNULL = YES;
				CLANG_ANALYZER_NUMBER_OBJECT_CONVERSION = YES_AGGRESSIVE;
				CLANG_CXX_LANGUAGE_STANDARD = "gnu++14";
				CLANG_CXX_LIBRARY = "libc++";
				CLANG_ENABLE_MODULES = YES;
				CLANG_ENABLE_OBJC_ARC = YES;
				CLANG_ENABLE_OBJC_WEAK = YES;
				CLANG_WARN_BLOCK_CAPTURE_AUTORELEASING = YES;
				CLANG_WARN_BOOL_CONVERSION = YES;
				CLANG_WARN_COMMA = YES;
				CLANG_WARN_CONSTANT_CONVERSION = YES;
				CLANG_WARN_DEPRECATED_OBJC_IMPLEMENTATIONS = YES;
				CLANG_WARN_DIRECT_OBJC_ISA_USAGE = YES_ERROR;
				CLANG_WARN_DOCUMENTATION_COMMENTS = YES;
				CLANG_WARN_EMPTY_BODY = YES;
				CLANG_WARN_ENUM_CONVERSION = YES;
				CLANG_WARN_INFINITE_RECURSION = YES;
				CLANG_WARN_INT_CONVERSION = YES;
				CLANG_WARN_NON_LITERAL_NULL_CONVERSION = YES;
				CLANG_WARN_OBJC_IMPLICIT_RETAIN_SELF = YES;
				CLANG_WARN_OBJC_LITERAL_CONVERSION = YES;
				CLANG_WARN_OBJC_ROOT_CLASS = YES_ERROR;
				CLANG_WARN_RANGE_LOOP_ANALYSIS = YES;
				CLANG_WARN_STRICT_PROTOTYPES = YES;
				CLANG_WARN_SUSPICIOUS_MOVE = YES;
				CLANG_WARN_UNGUARDED_AVAILABILITY = YES_AGGRESSIVE;
				CLANG_WARN_UNREACHABLE_CODE = YES;
				CLANG_WARN__DUPLICATE_METHOD_MATCH = YES;
				COPY_PHASE_STRIP = NO;
				DEBUG_INFORMATION_FORMAT = "dwarf-with-dsym";
				ENABLE_NS_ASSERTIONS = NO;
				ENABLE_STRICT_OBJC_MSGSEND = YES;
				GCC_C_LANGUAGE_STANDARD = gnu11;
				GCC_NO_COMMON_BLOCKS = YES;
				GCC_WARN_64_TO_32_BIT_CONVERSION = YES;
				GCC_WARN_ABOUT_RETURN_TYPE = YES_ERROR;
				GCC_WARN_UNDECLARED_SELECTOR = YES;
				GCC_WARN_UNINITIALIZED_AUTOS = YES_AGGRESSIVE;
				GCC_WARN_UNUSED_FUNCTION = YES;
				GCC_WARN_UNUSED_VARIABLE = YES;
				MACOSX_DEPLOYMENT_TARGET = 10.15;
				MTL_ENABLE_DEBUG_INFO = NO;
				MTL_FAST_MATH = YES;
				SDKROOT = macosx;
				SWIFT_COMPILATION_MODE = wholemodule;
				SWIFT_OPTIMIZATION_LEVEL = "-O";
			};
			name = Release;
		};
		E7FE955023D49E6800B929B4 /* Debug */ = {
			isa = XCBuildConfiguration;
			buildSettings = {
				CODE_SIGN_STYLE = Automatic;
				DEVELOPMENT_TEAM = 4TTJDQ6P4J;
				ENABLE_HARDENED_RUNTIME = YES;
				PRODUCT_NAME = "$(TARGET_NAME)";
				SWIFT_VERSION = 5.0;
			};
			name = Debug;
		};
		E7FE955123D49E6800B929B4 /* Release */ = {
			isa = XCBuildConfiguration;
			buildSettings = {
				CODE_SIGN_STYLE = Automatic;
				DEVELOPMENT_TEAM = 4TTJDQ6P4J;
				ENABLE_HARDENED_RUNTIME = YES;
				PRODUCT_NAME = "$(TARGET_NAME)";
				SWIFT_VERSION = 5.0;
			};
			name = Release;
		};
/* End XCBuildConfiguration section */

/* Begin XCConfigurationList section */
		E77D5EF723D4A35B00CBE046 /* Build configuration list for PBXNativeTarget "prob1000" */ = {
			isa = XCConfigurationList;
			buildConfigurations = (
				E77D5EF523D4A35B00CBE046 /* Debug */,
				E77D5EF623D4A35B00CBE046 /* Release */,
			);
			defaultConfigurationIsVisible = 0;
			defaultConfigurationName = Release;
		};
		E77D5F0023D4A6B300CBE046 /* Build configuration list for PBXNativeTarget "prob1001" */ = {
			isa = XCConfigurationList;
			buildConfigurations = (
				E77D5F0123D4A6B300CBE046 /* Debug */,
				E77D5F0223D4A6B300CBE046 /* Release */,
			);
			defaultConfigurationIsVisible = 0;
			defaultConfigurationName = Release;
		};
		E77D5F0B23D4A70F00CBE046 /* Build configuration list for PBXNativeTarget "prob1076" */ = {
			isa = XCConfigurationList;
			buildConfigurations = (
				E77D5F0C23D4A70F00CBE046 /* Debug */,
				E77D5F0D23D4A70F00CBE046 /* Release */,
			);
			defaultConfigurationIsVisible = 0;
			defaultConfigurationName = Release;
		};
		E796DE8323D8998800EE1FF6 /* Build configuration list for PBXNativeTarget "prob2902" */ = {
			isa = XCConfigurationList;
			buildConfigurations = (
				E796DE8123D8998800EE1FF6 /* Debug */,
				E796DE8223D8998800EE1FF6 /* Release */,
			);
			defaultConfigurationIsVisible = 0;
			defaultConfigurationName = Release;
		};
		E79FE43123D6651E00472078 /* Build configuration list for PBXNativeTarget "prob1371" */ = {
			isa = XCConfigurationList;
			buildConfigurations = (
				E79FE42F23D6651E00472078 /* Debug */,
				E79FE43023D6651E00472078 /* Release */,
			);
			defaultConfigurationIsVisible = 0;
			defaultConfigurationName = Release;
		};
		E7D7738923D90C05009037B6 /* Build configuration list for PBXNativeTarget "prob2857" */ = {
			isa = XCConfigurationList;
			buildConfigurations = (
				E7D7738723D90C05009037B6 /* Debug */,
				E7D7738823D90C05009037B6 /* Release */,
			);
			defaultConfigurationIsVisible = 0;
			defaultConfigurationName = Release;
		};
		E7D7739223D90EE7009037B6 /* Build configuration list for PBXNativeTarget "3058" */ = {
			isa = XCConfigurationList;
			buildConfigurations = (
				E7D7739323D90EE7009037B6 /* Debug */,
				E7D7739423D90EE7009037B6 /* Release */,
			);
			defaultConfigurationIsVisible = 0;
			defaultConfigurationName = Release;
		};
		E7D7739D23D90F7E009037B6 /* Build configuration list for PBXNativeTarget "prob3058" */ = {
			isa = XCConfigurationList;
			buildConfigurations = (
				E7D7739E23D90F7E009037B6 /* Debug */,
				E7D7739F23D90F7E009037B6 /* Release */,
			);
			defaultConfigurationIsVisible = 0;
			defaultConfigurationName = Release;
		};
		E7F8D3D223D5F68B00E9E548 /* Build configuration list for PBXNativeTarget "prob1546" */ = {
			isa = XCConfigurationList;
			buildConfigurations = (
				E7F8D3D323D5F68B00E9E548 /* Debug */,
				E7F8D3D423D5F68B00E9E548 /* Release */,
			);
			defaultConfigurationIsVisible = 0;
			defaultConfigurationName = Release;
		};
		E7FE954323D49E6800B929B4 /* Build configuration list for PBXProject "AcmicpcSwiftPractice" */ = {
			isa = XCConfigurationList;
			buildConfigurations = (
				E7FE954D23D49E6800B929B4 /* Debug */,
				E7FE954E23D49E6800B929B4 /* Release */,
			);
			defaultConfigurationIsVisible = 0;
			defaultConfigurationName = Release;
		};
		E7FE954F23D49E6800B929B4 /* Build configuration list for PBXNativeTarget "AcmicpcSwiftPractice" */ = {
			isa = XCConfigurationList;
			buildConfigurations = (
				E7FE955023D49E6800B929B4 /* Debug */,
				E7FE955123D49E6800B929B4 /* Release */,
			);
			defaultConfigurationIsVisible = 0;
			defaultConfigurationName = Release;
		};
/* End XCConfigurationList section */
	};
	rootObject = E7FE954023D49E6800B929B4 /* Project object */;
}
